Microsoft Visual Studio Solution File, Format Version 12.00
# Visual Studio 14
VisualStudioVersion = 14.0.23107.0
MinimumVisualStudioVersion = 10.0.40219.1
Project("{FAE04EC0-301F-11D3-BF4B-00C04F79EFBC}") = "AppBrix.Console", "AppBrix.Console\AppBrix.Console.csproj", "{95AC11E8-9A36-474B-B8E7-6F01C838F52B}"
	ProjectSection(ProjectDependencies) = postProject
		{421A9925-B49C-41B9-86A5-3C98092BDD55} = {421A9925-B49C-41B9-86A5-3C98092BDD55}
		{A448BA4E-6BAB-4B36-A790-2636DC5D15AC} = {A448BA4E-6BAB-4B36-A790-2636DC5D15AC}
		{560E2863-F7B6-4E39-B1E0-218C7B29AD0F} = {560E2863-F7B6-4E39-B1E0-218C7B29AD0F}
		{F0D56766-7C36-44B7-9920-1CFFCA9C8296} = {F0D56766-7C36-44B7-9920-1CFFCA9C8296}
		{4903EB72-DA02-4FBF-A7AE-B9C4B6D9508A} = {4903EB72-DA02-4FBF-A7AE-B9C4B6D9508A}
		{38EB8F79-7A29-494F-9383-DABC826997A6} = {38EB8F79-7A29-494F-9383-DABC826997A6}
		{9BD521A4-7604-4D73-B83B-2F622C3FD504} = {9BD521A4-7604-4D73-B83B-2F622C3FD504}
		{FA433AA5-CC27-4699-BCC2-D47814AA7512} = {FA433AA5-CC27-4699-BCC2-D47814AA7512}
		{3363EDA9-2A58-4E32-8564-1FBEB7B5AEF1} = {3363EDA9-2A58-4E32-8564-1FBEB7B5AEF1}
		{C179A5B6-B2CC-42D6-B42A-C134A4B93EC4} = {C179A5B6-B2CC-42D6-B42A-C134A4B93EC4}
		{79FA6EBD-686A-4300-8FCD-DC2E848A26C7} = {79FA6EBD-686A-4300-8FCD-DC2E848A26C7}
		{33B1A8E3-7570-41BA-BDC0-BF8EECBCFE63} = {33B1A8E3-7570-41BA-BDC0-BF8EECBCFE63}
		{A7D4F8F4-3FE2-48DE-B3EB-A68319AB9692} = {A7D4F8F4-3FE2-48DE-B3EB-A68319AB9692}
	EndProjectSection
EndProject
Project("{FAE04EC0-301F-11D3-BF4B-00C04F79EFBC}") = "AppBrix", "AppBrix\AppBrix.csproj", "{FA433AA5-CC27-4699-BCC2-D47814AA7512}"
EndProject
Project("{2150E333-8FDC-42A3-9474-1A3956D46DE8}") = "Tests", "Tests", "{D23FCED7-308F-42D6-9B5C-32ED2A842F97}"
EndProject
Project("{FAE04EC0-301F-11D3-BF4B-00C04F79EFBC}") = "AppBrix.Tests", "AppBrix.Tests\AppBrix.Tests.csproj", "{5B628EFD-6543-490A-9ECD-8751DB1231C0}"
EndProject
Project("{FAE04EC0-301F-11D3-BF4B-00C04F79EFBC}") = "AppBrix.Events", "AppBrix.Events\AppBrix.Events.csproj", "{A448BA4E-6BAB-4B36-A790-2636DC5D15AC}"
EndProject
Project("{FAE04EC0-301F-11D3-BF4B-00C04F79EFBC}") = "AppBrix.Events.Tests", "AppBrix.Events.Tests\AppBrix.Events.Tests.csproj", "{98260FE2-6BA9-439C-B5E6-8DB6875F59F9}"
EndProject
Project("{FAE04EC0-301F-11D3-BF4B-00C04F79EFBC}") = "AppBrix.Logging", "AppBrix.Logging\AppBrix.Logging.csproj", "{79FA6EBD-686A-4300-8FCD-DC2E848A26C7}"
EndProject
Project("{FAE04EC0-301F-11D3-BF4B-00C04F79EFBC}") = "AppBrix.Logging.Tests", "AppBrix.Logging.Tests\AppBrix.Logging.Tests.csproj", "{5A574771-FC1E-40E3-9BB4-CB2A04BD11A6}"
EndProject
Project("{2150E333-8FDC-42A3-9474-1A3956D46DE8}") = "Modules", "Modules", "{CDC49DA6-B8FC-4C9D-AC47-86E530184E9E}"
EndProject
Project("{FAE04EC0-301F-11D3-BF4B-00C04F79EFBC}") = "AppBrix.Logging.Console", "AppBrix.Logging.Console\AppBrix.Logging.Console.csproj", "{4903EB72-DA02-4FBF-A7AE-B9C4B6D9508A}"
EndProject
Project("{FAE04EC0-301F-11D3-BF4B-00C04F79EFBC}") = "AppBrix.Configuration", "AppBrix.Configuration\AppBrix.Configuration.csproj", "{421A9925-B49C-41B9-86A5-3C98092BDD55}"
EndProject
Project("{FAE04EC0-301F-11D3-BF4B-00C04F79EFBC}") = "AppBrix.Configuration.Memory", "AppBrix.Configuration.Memory\AppBrix.Configuration.Memory.csproj", "{3363EDA9-2A58-4E32-8564-1FBEB7B5AEF1}"
EndProject
Project("{FAE04EC0-301F-11D3-BF4B-00C04F79EFBC}") = "AppBrix.Logging.File", "AppBrix.Logging.File\AppBrix.Logging.File.csproj", "{F0D56766-7C36-44B7-9920-1CFFCA9C8296}"
EndProject
Project("{FAE04EC0-301F-11D3-BF4B-00C04F79EFBC}") = "AppBrix.Time", "AppBrix.Time\AppBrix.Time.csproj", "{9BD521A4-7604-4D73-B83B-2F622C3FD504}"
EndProject
Project("{FAE04EC0-301F-11D3-BF4B-00C04F79EFBC}") = "AppBrix.Time.Tests", "AppBrix.Time.Tests\AppBrix.Time.Tests.csproj", "{BA426787-3E7D-43AD-B05D-7DC0E0463714}"
EndProject
Project("{FAE04EC0-301F-11D3-BF4B-00C04F79EFBC}") = "AppBrix.Caching", "AppBrix.Caching\AppBrix.Caching.csproj", "{560E2863-F7B6-4E39-B1E0-218C7B29AD0F}"
EndProject
Project("{FAE04EC0-301F-11D3-BF4B-00C04F79EFBC}") = "AppBrix.Caching.Tests", "AppBrix.Caching.Tests\AppBrix.Caching.Tests.csproj", "{20F6030B-0950-44F5-AD37-2D9975046D0C}"
EndProject
Project("{FAE04EC0-301F-11D3-BF4B-00C04F79EFBC}") = "AppBrix.Factory", "AppBrix.Factory\AppBrix.Factory.csproj", "{C179A5B6-B2CC-42D6-B42A-C134A4B93EC4}"
EndProject
Project("{FAE04EC0-301F-11D3-BF4B-00C04F79EFBC}") = "AppBrix.Resolver", "AppBrix.Resolver\AppBrix.Resolver.csproj", "{A7D4F8F4-3FE2-48DE-B3EB-A68319AB9692}"
EndProject
Project("{FAE04EC0-301F-11D3-BF4B-00C04F79EFBC}") = "AppBrix.Resolver.Tests", "AppBrix.Resolver.Tests\AppBrix.Resolver.Tests.csproj", "{8C88E069-0EAA-4B48-863A-5B4D895E0E02}"
EndProject
Project("{FAE04EC0-301F-11D3-BF4B-00C04F79EFBC}") = "AppBrix.Factory.Tests", "AppBrix.Factory.Tests\AppBrix.Factory.Tests.csproj", "{CAE7EEEA-53AB-48CA-8528-CD55342ACBE4}"
EndProject
Project("{FAE04EC0-301F-11D3-BF4B-00C04F79EFBC}") = "AppBrix.Cloning", "AppBrix.Cloning\AppBrix.Cloning.csproj", "{33B1A8E3-7570-41BA-BDC0-BF8EECBCFE63}"
EndProject
Project("{FAE04EC0-301F-11D3-BF4B-00C04F79EFBC}") = "AppBrix.Cloning.Tests", "AppBrix.Cloning.Tests\AppBrix.Cloning.Tests.csproj", "{72873CE2-C954-4EF2-AE1A-5DFC20032790}"
EndProject
Project("{FAE04EC0-301F-11D3-BF4B-00C04F79EFBC}") = "AppBrix.Web", "AppBrix.Web\AppBrix.Web.csproj", "{38EB8F79-7A29-494F-9383-DABC826997A6}"
EndProject
Global
	GlobalSection(SolutionConfigurationPlatforms) = preSolution
		Debug|Any CPU = Debug|Any CPU
		Release|Any CPU = Release|Any CPU
	EndGlobalSection
	GlobalSection(ProjectConfigurationPlatforms) = postSolution
		{95AC11E8-9A36-474B-B8E7-6F01C838F52B}.Debug|Any CPU.ActiveCfg = Debug|Any CPU
		{95AC11E8-9A36-474B-B8E7-6F01C838F52B}.Debug|Any CPU.Build.0 = Debug|Any CPU
		{95AC11E8-9A36-474B-B8E7-6F01C838F52B}.Release|Any CPU.ActiveCfg = Release|Any CPU
		{95AC11E8-9A36-474B-B8E7-6F01C838F52B}.Release|Any CPU.Build.0 = Release|Any CPU
		{FA433AA5-CC27-4699-BCC2-D47814AA7512}.Debug|Any CPU.ActiveCfg = Debug|Any CPU
		{FA433AA5-CC27-4699-BCC2-D47814AA7512}.Debug|Any CPU.Build.0 = Debug|Any CPU
		{FA433AA5-CC27-4699-BCC2-D47814AA7512}.Release|Any CPU.ActiveCfg = Release|Any CPU
		{FA433AA5-CC27-4699-BCC2-D47814AA7512}.Release|Any CPU.Build.0 = Release|Any CPU
		{5B628EFD-6543-490A-9ECD-8751DB1231C0}.Debug|Any CPU.ActiveCfg = Debug|Any CPU
		{5B628EFD-6543-490A-9ECD-8751DB1231C0}.Debug|Any CPU.Build.0 = Debug|Any CPU
		{5B628EFD-6543-490A-9ECD-8751DB1231C0}.Release|Any CPU.ActiveCfg = Release|Any CPU
		{5B628EFD-6543-490A-9ECD-8751DB1231C0}.Release|Any CPU.Build.0 = Release|Any CPU
		{A448BA4E-6BAB-4B36-A790-2636DC5D15AC}.Debug|Any CPU.ActiveCfg = Debug|Any CPU
		{A448BA4E-6BAB-4B36-A790-2636DC5D15AC}.Debug|Any CPU.Build.0 = Debug|Any CPU
		{A448BA4E-6BAB-4B36-A790-2636DC5D15AC}.Release|Any CPU.ActiveCfg = Release|Any CPU
		{A448BA4E-6BAB-4B36-A790-2636DC5D15AC}.Release|Any CPU.Build.0 = Release|Any CPU
		{98260FE2-6BA9-439C-B5E6-8DB6875F59F9}.Debug|Any CPU.ActiveCfg = Debug|Any CPU
		{98260FE2-6BA9-439C-B5E6-8DB6875F59F9}.Debug|Any CPU.Build.0 = Debug|Any CPU
		{98260FE2-6BA9-439C-B5E6-8DB6875F59F9}.Release|Any CPU.ActiveCfg = Release|Any CPU
		{98260FE2-6BA9-439C-B5E6-8DB6875F59F9}.Release|Any CPU.Build.0 = Release|Any CPU
		{79FA6EBD-686A-4300-8FCD-DC2E848A26C7}.Debug|Any CPU.ActiveCfg = Debug|Any CPU
		{79FA6EBD-686A-4300-8FCD-DC2E848A26C7}.Debug|Any CPU.Build.0 = Debug|Any CPU
		{79FA6EBD-686A-4300-8FCD-DC2E848A26C7}.Release|Any CPU.ActiveCfg = Release|Any CPU
		{79FA6EBD-686A-4300-8FCD-DC2E848A26C7}.Release|Any CPU.Build.0 = Release|Any CPU
		{5A574771-FC1E-40E3-9BB4-CB2A04BD11A6}.Debug|Any CPU.ActiveCfg = Debug|Any CPU
		{5A574771-FC1E-40E3-9BB4-CB2A04BD11A6}.Debug|Any CPU.Build.0 = Debug|Any CPU
		{5A574771-FC1E-40E3-9BB4-CB2A04BD11A6}.Release|Any CPU.ActiveCfg = Release|Any CPU
		{5A574771-FC1E-40E3-9BB4-CB2A04BD11A6}.Release|Any CPU.Build.0 = Release|Any CPU
		{4903EB72-DA02-4FBF-A7AE-B9C4B6D9508A}.Debug|Any CPU.ActiveCfg = Debug|Any CPU
		{4903EB72-DA02-4FBF-A7AE-B9C4B6D9508A}.Debug|Any CPU.Build.0 = Debug|Any CPU
		{4903EB72-DA02-4FBF-A7AE-B9C4B6D9508A}.Release|Any CPU.ActiveCfg = Release|Any CPU
		{4903EB72-DA02-4FBF-A7AE-B9C4B6D9508A}.Release|Any CPU.Build.0 = Release|Any CPU
		{421A9925-B49C-41B9-86A5-3C98092BDD55}.Debug|Any CPU.ActiveCfg = Debug|Any CPU
		{421A9925-B49C-41B9-86A5-3C98092BDD55}.Debug|Any CPU.Build.0 = Debug|Any CPU
		{421A9925-B49C-41B9-86A5-3C98092BDD55}.Release|Any CPU.ActiveCfg = Release|Any CPU
		{421A9925-B49C-41B9-86A5-3C98092BDD55}.Release|Any CPU.Build.0 = Release|Any CPU
		{3363EDA9-2A58-4E32-8564-1FBEB7B5AEF1}.Debug|Any CPU.ActiveCfg = Debug|Any CPU
		{3363EDA9-2A58-4E32-8564-1FBEB7B5AEF1}.Debug|Any CPU.Build.0 = Debug|Any CPU
		{3363EDA9-2A58-4E32-8564-1FBEB7B5AEF1}.Release|Any CPU.ActiveCfg = Release|Any CPU
		{3363EDA9-2A58-4E32-8564-1FBEB7B5AEF1}.Release|Any CPU.Build.0 = Release|Any CPU
		{F0D56766-7C36-44B7-9920-1CFFCA9C8296}.Debug|Any CPU.ActiveCfg = Debug|Any CPU
		{F0D56766-7C36-44B7-9920-1CFFCA9C8296}.Debug|Any CPU.Build.0 = Debug|Any CPU
		{F0D56766-7C36-44B7-9920-1CFFCA9C8296}.Release|Any CPU.ActiveCfg = Release|Any CPU
		{F0D56766-7C36-44B7-9920-1CFFCA9C8296}.Release|Any CPU.Build.0 = Release|Any CPU
		{9BD521A4-7604-4D73-B83B-2F622C3FD504}.Debug|Any CPU.ActiveCfg = Debug|Any CPU
		{9BD521A4-7604-4D73-B83B-2F622C3FD504}.Debug|Any CPU.Build.0 = Debug|Any CPU
		{9BD521A4-7604-4D73-B83B-2F622C3FD504}.Release|Any CPU.ActiveCfg = Release|Any CPU
		{9BD521A4-7604-4D73-B83B-2F622C3FD504}.Release|Any CPU.Build.0 = Release|Any CPU
		{BA426787-3E7D-43AD-B05D-7DC0E0463714}.Debug|Any CPU.ActiveCfg = Debug|Any CPU
		{BA426787-3E7D-43AD-B05D-7DC0E0463714}.Debug|Any CPU.Build.0 = Debug|Any CPU
		{BA426787-3E7D-43AD-B05D-7DC0E0463714}.Release|Any CPU.ActiveCfg = Release|Any CPU
		{BA426787-3E7D-43AD-B05D-7DC0E0463714}.Release|Any CPU.Build.0 = Release|Any CPU
		{560E2863-F7B6-4E39-B1E0-218C7B29AD0F}.Debug|Any CPU.ActiveCfg = Debug|Any CPU
		{560E2863-F7B6-4E39-B1E0-218C7B29AD0F}.Debug|Any CPU.Build.0 = Debug|Any CPU
		{560E2863-F7B6-4E39-B1E0-218C7B29AD0F}.Release|Any CPU.ActiveCfg = Release|Any CPU
		{560E2863-F7B6-4E39-B1E0-218C7B29AD0F}.Release|Any CPU.Build.0 = Release|Any CPU
		{20F6030B-0950-44F5-AD37-2D9975046D0C}.Debug|Any CPU.ActiveCfg = Debug|Any CPU
		{20F6030B-0950-44F5-AD37-2D9975046D0C}.Debug|Any CPU.Build.0 = Debug|Any CPU
		{20F6030B-0950-44F5-AD37-2D9975046D0C}.Release|Any CPU.ActiveCfg = Release|Any CPU
		{20F6030B-0950-44F5-AD37-2D9975046D0C}.Release|Any CPU.Build.0 = Release|Any CPU
		{C179A5B6-B2CC-42D6-B42A-C134A4B93EC4}.Debug|Any CPU.ActiveCfg = Debug|Any CPU
		{C179A5B6-B2CC-42D6-B42A-C134A4B93EC4}.Debug|Any CPU.Build.0 = Debug|Any CPU
		{C179A5B6-B2CC-42D6-B42A-C134A4B93EC4}.Release|Any CPU.ActiveCfg = Release|Any CPU
		{C179A5B6-B2CC-42D6-B42A-C134A4B93EC4}.Release|Any CPU.Build.0 = Release|Any CPU
		{A7D4F8F4-3FE2-48DE-B3EB-A68319AB9692}.Debug|Any CPU.ActiveCfg = Debug|Any CPU
		{A7D4F8F4-3FE2-48DE-B3EB-A68319AB9692}.Debug|Any CPU.Build.0 = Debug|Any CPU
		{A7D4F8F4-3FE2-48DE-B3EB-A68319AB9692}.Release|Any CPU.ActiveCfg = Release|Any CPU
		{A7D4F8F4-3FE2-48DE-B3EB-A68319AB9692}.Release|Any CPU.Build.0 = Release|Any CPU
		{8C88E069-0EAA-4B48-863A-5B4D895E0E02}.Debug|Any CPU.ActiveCfg = Debug|Any CPU
		{8C88E069-0EAA-4B48-863A-5B4D895E0E02}.Debug|Any CPU.Build.0 = Debug|Any CPU
		{8C88E069-0EAA-4B48-863A-5B4D895E0E02}.Release|Any CPU.ActiveCfg = Release|Any CPU
		{8C88E069-0EAA-4B48-863A-5B4D895E0E02}.Release|Any CPU.Build.0 = Release|Any CPU
		{CAE7EEEA-53AB-48CA-8528-CD55342ACBE4}.Debug|Any CPU.ActiveCfg = Debug|Any CPU
		{CAE7EEEA-53AB-48CA-8528-CD55342ACBE4}.Debug|Any CPU.Build.0 = Debug|Any CPU
		{CAE7EEEA-53AB-48CA-8528-CD55342ACBE4}.Release|Any CPU.ActiveCfg = Release|Any CPU
		{CAE7EEEA-53AB-48CA-8528-CD55342ACBE4}.Release|Any CPU.Build.0 = Release|Any CPU
		{33B1A8E3-7570-41BA-BDC0-BF8EECBCFE63}.Debug|Any CPU.ActiveCfg = Debug|Any CPU
		{33B1A8E3-7570-41BA-BDC0-BF8EECBCFE63}.Debug|Any CPU.Build.0 = Debug|Any CPU
		{33B1A8E3-7570-41BA-BDC0-BF8EECBCFE63}.Release|Any CPU.ActiveCfg = Release|Any CPU
		{33B1A8E3-7570-41BA-BDC0-BF8EECBCFE63}.Release|Any CPU.Build.0 = Release|Any CPU
		{72873CE2-C954-4EF2-AE1A-5DFC20032790}.Debug|Any CPU.ActiveCfg = Debug|Any CPU
		{72873CE2-C954-4EF2-AE1A-5DFC20032790}.Debug|Any CPU.Build.0 = Debug|Any CPU
		{72873CE2-C954-4EF2-AE1A-5DFC20032790}.Release|Any CPU.ActiveCfg = Release|Any CPU
		{72873CE2-C954-4EF2-AE1A-5DFC20032790}.Release|Any CPU.Build.0 = Release|Any CPU
		{38EB8F79-7A29-494F-9383-DABC826997A6}.Debug|Any CPU.ActiveCfg = Debug|Any CPU
		{38EB8F79-7A29-494F-9383-DABC826997A6}.Debug|Any CPU.Build.0 = Debug|Any CPU
		{38EB8F79-7A29-494F-9383-DABC826997A6}.Release|Any CPU.ActiveCfg = Release|Any CPU
		{38EB8F79-7A29-494F-9383-DABC826997A6}.Release|Any CPU.Build.0 = Release|Any CPU
	EndGlobalSection
	GlobalSection(SolutionProperties) = preSolution
		HideSolutionNode = FALSE
	EndGlobalSection
	GlobalSection(NestedProjects) = preSolution
		{FA433AA5-CC27-4699-BCC2-D47814AA7512} = {CDC49DA6-B8FC-4C9D-AC47-86E530184E9E}
		{5B628EFD-6543-490A-9ECD-8751DB1231C0} = {D23FCED7-308F-42D6-9B5C-32ED2A842F97}
		{A448BA4E-6BAB-4B36-A790-2636DC5D15AC} = {CDC49DA6-B8FC-4C9D-AC47-86E530184E9E}
		{98260FE2-6BA9-439C-B5E6-8DB6875F59F9} = {D23FCED7-308F-42D6-9B5C-32ED2A842F97}
		{79FA6EBD-686A-4300-8FCD-DC2E848A26C7} = {CDC49DA6-B8FC-4C9D-AC47-86E530184E9E}
		{5A574771-FC1E-40E3-9BB4-CB2A04BD11A6} = {D23FCED7-308F-42D6-9B5C-32ED2A842F97}
		{4903EB72-DA02-4FBF-A7AE-B9C4B6D9508A} = {CDC49DA6-B8FC-4C9D-AC47-86E530184E9E}
		{421A9925-B49C-41B9-86A5-3C98092BDD55} = {CDC49DA6-B8FC-4C9D-AC47-86E530184E9E}
		{3363EDA9-2A58-4E32-8564-1FBEB7B5AEF1} = {CDC49DA6-B8FC-4C9D-AC47-86E530184E9E}
		{F0D56766-7C36-44B7-9920-1CFFCA9C8296} = {CDC49DA6-B8FC-4C9D-AC47-86E530184E9E}
		{9BD521A4-7604-4D73-B83B-2F622C3FD504} = {CDC49DA6-B8FC-4C9D-AC47-86E530184E9E}
		{BA426787-3E7D-43AD-B05D-7DC0E0463714} = {D23FCED7-308F-42D6-9B5C-32ED2A842F97}
		{560E2863-F7B6-4E39-B1E0-218C7B29AD0F} = {CDC49DA6-B8FC-4C9D-AC47-86E530184E9E}
		{20F6030B-0950-44F5-AD37-2D9975046D0C} = {D23FCED7-308F-42D6-9B5C-32ED2A842F97}
		{C179A5B6-B2CC-42D6-B42A-C134A4B93EC4} = {CDC49DA6-B8FC-4C9D-AC47-86E530184E9E}
		{A7D4F8F4-3FE2-48DE-B3EB-A68319AB9692} = {CDC49DA6-B8FC-4C9D-AC47-86E530184E9E}
		{8C88E069-0EAA-4B48-863A-5B4D895E0E02} = {D23FCED7-308F-42D6-9B5C-32ED2A842F97}
		{CAE7EEEA-53AB-48CA-8528-CD55342ACBE4} = {D23FCED7-308F-42D6-9B5C-32ED2A842F97}
		{33B1A8E3-7570-41BA-BDC0-BF8EECBCFE63} = {CDC49DA6-B8FC-4C9D-AC47-86E530184E9E}
		{72873CE2-C954-4EF2-AE1A-5DFC20032790} = {D23FCED7-308F-42D6-9B5C-32ED2A842F97}
		{38EB8F79-7A29-494F-9383-DABC826997A6} = {CDC49DA6-B8FC-4C9D-AC47-86E530184E9E}
	EndGlobalSection
EndGlobal
