
Microsoft Visual Studio Solution File, Format Version 12.00
# Visual Studio Version 17
VisualStudioVersion = 17.0.31903.59
MinimumVisualStudioVersion = 10.0.40219.1
Project("{2150E333-8FDC-42A3-9474-1A3956D46DE8}") = ".Global", ".Global", "{8ADB6662-4780-4AB5-BA67-3FB56322EBB9}"
	ProjectSection(SolutionItems) = preProject
		.editorconfig = .editorconfig
		.gitignore = .gitignore
		Clean.ps1 = Clean.ps1
		NuGet.Config = NuGet.Config
		Publish.ps1 = Publish.ps1
		README.md = README.md
		Test.ps1 = Test.ps1
	EndProjectSection
EndProject
Project("{2150E333-8FDC-42A3-9474-1A3956D46DE8}") = "Applications", "Applications", "{F6BC1FBE-D2EC-42E4-B760-1D919EA0A3A3}"
EndProject
Project("{2150E333-8FDC-42A3-9474-1A3956D46DE8}") = "Bundles", "Bundles", "{44FD92A1-E8A6-484C-9287-7AAAC3CE0C41}"
EndProject
Project("{2150E333-8FDC-42A3-9474-1A3956D46DE8}") = "Core", "Core", "{9C8A720D-7382-4C91-9B62-86EB554B2C29}"
EndProject
Project("{2150E333-8FDC-42A3-9474-1A3956D46DE8}") = "Modules", "Modules", "{FE5803DF-2805-4190-AE4C-82E778BC2106}"
EndProject
Project("{2150E333-8FDC-42A3-9474-1A3956D46DE8}") = "Tests", "Tests", "{32FF1B46-A25D-406E-9F71-1FD25A3F52E8}"
EndProject
Project("{9A19103F-16F7-4668-BE54-9A1E7A4F7556}") = "AppBrix.ConsoleApp", "Applications\AppBrix.ConsoleApp\AppBrix.ConsoleApp.csproj", "{80E1FF2A-A37B-460F-A3B4-98112217C883}"
EndProject
Project("{9A19103F-16F7-4668-BE54-9A1E7A4F7556}") = "AppBrix.WebApp", "Applications\AppBrix.WebApp\AppBrix.WebApp.csproj", "{33FE02D8-B501-4D52-96A0-EA6846DB9F43}"
EndProject
Project("{9A19103F-16F7-4668-BE54-9A1E7A4F7556}") = "AppBrix", "Core\AppBrix\AppBrix.csproj", "{FA682555-B7AE-4027-A794-A2B865EB4FD2}"
EndProject
Project("{9A19103F-16F7-4668-BE54-9A1E7A4F7556}") = "AppBrix.Configuration", "Core\AppBrix.Configuration\AppBrix.Configuration.csproj", "{9363EB91-F90B-4FEE-9EF9-667C60B7813A}"
EndProject
Project("{9A19103F-16F7-4668-BE54-9A1E7A4F7556}") = "AppBrix.Configuration.Files", "Core\AppBrix.Configuration.Files\AppBrix.Configuration.Files.csproj", "{1DA579B9-5019-47C8-9BBB-F3203AB0A179}"
EndProject
Project("{9A19103F-16F7-4668-BE54-9A1E7A4F7556}") = "AppBrix.Configuration.Json", "Core\AppBrix.Configuration.Json\AppBrix.Configuration.Json.csproj", "{5C6FD648-93E5-4DF0-BB04-7221F590DD00}"
EndProject
Project("{9A19103F-16F7-4668-BE54-9A1E7A4F7556}") = "AppBrix.Configuration.Memory", "Core\AppBrix.Configuration.Memory\AppBrix.Configuration.Memory.csproj", "{C5FD7816-FF36-4BB9-A123-FA2A9892D944}"
EndProject
Project("{9A19103F-16F7-4668-BE54-9A1E7A4F7556}") = "AppBrix.Configuration.Yaml", "Core\AppBrix.Configuration.Yaml\AppBrix.Configuration.Yaml.csproj", "{BDBBA5BD-3213-421B-B24C-0F50AA1A2AA3}"
EndProject
Project("{9A19103F-16F7-4668-BE54-9A1E7A4F7556}") = "AppBrix.Utils", "Core\AppBrix.Utils\AppBrix.Utils.csproj", "{8DF190AB-96BE-44B0-B42C-7007889863CC}"
EndProject
Project("{9A19103F-16F7-4668-BE54-9A1E7A4F7556}") = "AppBrix.All", "Bundles\AppBrix.All\AppBrix.All.csproj", "{653EF513-D3B4-412C-8126-13BB57D24E77}"
EndProject
Project("{9A19103F-16F7-4668-BE54-9A1E7A4F7556}") = "AppBrix.All.Server", "Bundles\AppBrix.All.Server\AppBrix.All.Server.csproj", "{C3783D6A-C7AF-4325-A502-131247B74FFA}"
EndProject
Project("{9A19103F-16F7-4668-BE54-9A1E7A4F7556}") = "AppBrix.Caching", "Modules\AppBrix.Caching\AppBrix.Caching.csproj", "{127C6E7E-9F3A-4314-981C-B04C77E9BAA3}"
EndProject
Project("{9A19103F-16F7-4668-BE54-9A1E7A4F7556}") = "AppBrix.Caching.Memory", "Modules\AppBrix.Caching.Memory\AppBrix.Caching.Memory.csproj", "{47BCE141-B16B-4B0C-A6AC-CD5BF38EAE8D}"
EndProject
Project("{9A19103F-16F7-4668-BE54-9A1E7A4F7556}") = "AppBrix.Cloning", "Modules\AppBrix.Cloning\AppBrix.Cloning.csproj", "{3DE96A80-A043-4EDB-905A-787471C82E63}"
EndProject
Project("{9A19103F-16F7-4668-BE54-9A1E7A4F7556}") = "AppBrix.Container", "Modules\AppBrix.Container\AppBrix.Container.csproj", "{6FD57C5F-2DB5-420E-BC71-D0F9547797E2}"
EndProject
Project("{9A19103F-16F7-4668-BE54-9A1E7A4F7556}") = "AppBrix.Data", "Modules\AppBrix.Data\AppBrix.Data.csproj", "{51EA1A03-2C9D-4B37-A978-F16811F18979}"
EndProject
Project("{9A19103F-16F7-4668-BE54-9A1E7A4F7556}") = "AppBrix.Data.InMemory", "Modules\AppBrix.Data.InMemory\AppBrix.Data.InMemory.csproj", "{D5388A44-FDAC-47D0-A7F9-8778C982FDFD}"
EndProject
Project("{9A19103F-16F7-4668-BE54-9A1E7A4F7556}") = "AppBrix.Data.Migrations", "Modules\AppBrix.Data.Migrations\AppBrix.Data.Migrations.csproj", "{D516DD88-8B17-42CB-BAE5-569ECFE38196}"
EndProject
Project("{9A19103F-16F7-4668-BE54-9A1E7A4F7556}") = "AppBrix.Data.Sqlite", "Modules\AppBrix.Data.Sqlite\AppBrix.Data.Sqlite.csproj", "{EAF71732-68EF-4242-A335-8EC175725D0A}"
EndProject
Project("{9A19103F-16F7-4668-BE54-9A1E7A4F7556}") = "AppBrix.Data.SqlServer", "Modules\AppBrix.Data.SqlServer\AppBrix.Data.SqlServer.csproj", "{60CF343A-BD69-4EE1-9A42-0EFD44C07DB5}"
EndProject
Project("{9A19103F-16F7-4668-BE54-9A1E7A4F7556}") = "AppBrix.Events", "Modules\AppBrix.Events\AppBrix.Events.csproj", "{315DE6BF-EA9D-4B82-B487-AE8A8F2CFB64}"
EndProject
Project("{9A19103F-16F7-4668-BE54-9A1E7A4F7556}") = "AppBrix.Events.Async", "Modules\AppBrix.Events.Async\AppBrix.Events.Async.csproj", "{9AD49682-94FB-424B-8DEE-529BB06823FC}"
EndProject
Project("{9A19103F-16F7-4668-BE54-9A1E7A4F7556}") = "AppBrix.Events.Delayed", "Modules\AppBrix.Events.Delayed\AppBrix.Events.Delayed.csproj", "{BEE6F4DF-8808-4C99-8173-28B7A70EE671}"
EndProject
Project("{9A19103F-16F7-4668-BE54-9A1E7A4F7556}") = "AppBrix.Events.Schedule", "Modules\AppBrix.Events.Schedule\AppBrix.Events.Schedule.csproj", "{3009CFFA-20C8-4746-B338-1943B81D929B}"
EndProject
Project("{9A19103F-16F7-4668-BE54-9A1E7A4F7556}") = "AppBrix.Events.Schedule.Cron", "Modules\AppBrix.Events.Schedule.Cron\AppBrix.Events.Schedule.Cron.csproj", "{0E4EFFCC-C105-41DC-94D2-70F3D8CC5311}"
EndProject
Project("{9A19103F-16F7-4668-BE54-9A1E7A4F7556}") = "AppBrix.Events.Schedule.Timer", "Modules\AppBrix.Events.Schedule.Timer\AppBrix.Events.Schedule.Timer.csproj", "{82D79660-2F2E-4741-ACB2-439B6D8752C3}"
EndProject
Project("{9A19103F-16F7-4668-BE54-9A1E7A4F7556}") = "AppBrix.Factory", "Modules\AppBrix.Factory\AppBrix.Factory.csproj", "{53A97857-AD8F-4A1D-8231-F23B8AD6149D}"
EndProject
Project("{9A19103F-16F7-4668-BE54-9A1E7A4F7556}") = "AppBrix.Logging", "Modules\AppBrix.Logging\AppBrix.Logging.csproj", "{CFA23309-E788-4AD3-957D-7F1E88BFA461}"
EndProject
Project("{9A19103F-16F7-4668-BE54-9A1E7A4F7556}") = "AppBrix.Logging.Console", "Modules\AppBrix.Logging.Console\AppBrix.Logging.Console.csproj", "{E6F23839-21C4-4CA6-91E4-F66EDAC0262C}"
EndProject
Project("{9A19103F-16F7-4668-BE54-9A1E7A4F7556}") = "AppBrix.Logging.File", "Modules\AppBrix.Logging.File\AppBrix.Logging.File.csproj", "{6E991EC7-D79E-4CD1-B39F-4DE8E062569A}"
EndProject
Project("{9A19103F-16F7-4668-BE54-9A1E7A4F7556}") = "AppBrix.Permissions", "Modules\AppBrix.Permissions\AppBrix.Permissions.csproj", "{07388810-D296-4932-BE4F-D95566CE8C53}"
EndProject
Project("{9A19103F-16F7-4668-BE54-9A1E7A4F7556}") = "AppBrix.Random", "Modules\AppBrix.Random\AppBrix.Random.csproj", "{CBDA3A7E-85A5-480E-91D0-677F389B0F4C}"
EndProject
Project("{9A19103F-16F7-4668-BE54-9A1E7A4F7556}") = "AppBrix.Text", "Modules\AppBrix.Text\AppBrix.Text.csproj", "{1F275F10-FB52-4F77-9690-A39E7CAFE67E}"
EndProject
Project("{9A19103F-16F7-4668-BE54-9A1E7A4F7556}") = "AppBrix.Time", "Modules\AppBrix.Time\AppBrix.Time.csproj", "{9E000495-459F-4E1F-B6E4-6431092C3823}"
EndProject
Project("{9A19103F-16F7-4668-BE54-9A1E7A4F7556}") = "AppBrix.Web.Client", "Modules\AppBrix.Web.Client\AppBrix.Web.Client.csproj", "{5DDE07B5-38AC-413E-8D36-0DEB7FB2DBF2}"
EndProject
Project("{9A19103F-16F7-4668-BE54-9A1E7A4F7556}") = "AppBrix.Web.Server", "Modules\AppBrix.Web.Server\AppBrix.Web.Server.csproj", "{2E08B1F8-B0B8-4FB3-A165-9D774361F7C3}"
EndProject
Project("{9A19103F-16F7-4668-BE54-9A1E7A4F7556}") = "AppBrix.Caching.Memory.Tests", "Tests\AppBrix.Caching.Memory.Tests\AppBrix.Caching.Memory.Tests.csproj", "{E1152B20-8C64-4F57-A50D-1BC2742B89B4}"
EndProject
Project("{9A19103F-16F7-4668-BE54-9A1E7A4F7556}") = "AppBrix.Caching.Tests", "Tests\AppBrix.Caching.Tests\AppBrix.Caching.Tests.csproj", "{CB37668E-84BE-40B8-9CB9-A94C48C5BA65}"
EndProject
Project("{9A19103F-16F7-4668-BE54-9A1E7A4F7556}") = "AppBrix.Cloning.Tests", "Tests\AppBrix.Cloning.Tests\AppBrix.Cloning.Tests.csproj", "{BF4AD230-4096-41BD-A4CF-F19C237277FB}"
EndProject
Project("{9A19103F-16F7-4668-BE54-9A1E7A4F7556}") = "AppBrix.Configuration.Tests", "Tests\AppBrix.Configuration.Tests\AppBrix.Configuration.Tests.csproj", "{7989699F-7924-4230-AD0F-675E57C633B8}"
EndProject
Project("{9A19103F-16F7-4668-BE54-9A1E7A4F7556}") = "AppBrix.Container.Tests", "Tests\AppBrix.Container.Tests\AppBrix.Container.Tests.csproj", "{CE05FF78-7F0A-45FA-A749-CEA23B821BB7}"
EndProject
Project("{9A19103F-16F7-4668-BE54-9A1E7A4F7556}") = "AppBrix.Data.Tests", "Tests\AppBrix.Data.Tests\AppBrix.Data.Tests.csproj", "{90855AE8-A8F3-4925-902C-1A9552C5AF2A}"
EndProject
Project("{9A19103F-16F7-4668-BE54-9A1E7A4F7556}") = "AppBrix.Events.Async.Tests", "Tests\AppBrix.Events.Async.Tests\AppBrix.Events.Async.Tests.csproj", "{904C8597-DB45-4709-BBB0-983548DD4675}"
EndProject
Project("{9A19103F-16F7-4668-BE54-9A1E7A4F7556}") = "AppBrix.Events.Delayed.Tests", "Tests\AppBrix.Events.Delayed.Tests\AppBrix.Events.Delayed.Tests.csproj", "{757AE0C9-03CF-451C-9DAD-49407D669841}"
EndProject
Project("{9A19103F-16F7-4668-BE54-9A1E7A4F7556}") = "AppBrix.Events.Schedule.Cron.Tests", "Tests\AppBrix.Events.Schedule.Cron.Tests\AppBrix.Events.Schedule.Cron.Tests.csproj", "{A47CAD7C-A279-447F-93A1-C2BEDB308574}"
EndProject
Project("{9A19103F-16F7-4668-BE54-9A1E7A4F7556}") = "AppBrix.Events.Schedule.Tests", "Tests\AppBrix.Events.Schedule.Tests\AppBrix.Events.Schedule.Tests.csproj", "{80954BDA-0884-4EF4-9149-DC42946AD90E}"
EndProject
Project("{9A19103F-16F7-4668-BE54-9A1E7A4F7556}") = "AppBrix.Events.Schedule.Timer.Tests", "Tests\AppBrix.Events.Schedule.Timer.Tests\AppBrix.Events.Schedule.Timer.Tests.csproj", "{E3BD1870-571A-4638-BC19-429A86343CF8}"
EndProject
Project("{9A19103F-16F7-4668-BE54-9A1E7A4F7556}") = "AppBrix.Events.Tests", "Tests\AppBrix.Events.Tests\AppBrix.Events.Tests.csproj", "{F987BA5F-3B58-4316-9232-0253C47743E2}"
EndProject
Project("{9A19103F-16F7-4668-BE54-9A1E7A4F7556}") = "AppBrix.Factory.Tests", "Tests\AppBrix.Factory.Tests\AppBrix.Factory.Tests.csproj", "{1A5BA967-F0D5-4640-95B1-DA44F35284CB}"
EndProject
Project("{9A19103F-16F7-4668-BE54-9A1E7A4F7556}") = "AppBrix.Logging.Tests", "Tests\AppBrix.Logging.Tests\AppBrix.Logging.Tests.csproj", "{92DB36E3-273B-412E-80F4-21489FDB6276}"
EndProject
Project("{9A19103F-16F7-4668-BE54-9A1E7A4F7556}") = "AppBrix.Permissions.Tests", "Tests\AppBrix.Permissions.Tests\AppBrix.Permissions.Tests.csproj", "{F43077EA-19F6-4220-AFCD-C8DD3AB9DDF9}"
EndProject
Project("{9A19103F-16F7-4668-BE54-9A1E7A4F7556}") = "AppBrix.Random.Tests", "Tests\AppBrix.Random.Tests\AppBrix.Random.Tests.csproj", "{51C2FC1E-EE21-42B6-9A79-7E6A48B88B55}"
EndProject
Project("{9A19103F-16F7-4668-BE54-9A1E7A4F7556}") = "AppBrix.Tests", "Tests\AppBrix.Tests\AppBrix.Tests.csproj", "{3EE0E0A5-AD83-4D97-BAB7-88ABD3877D77}"
EndProject
Project("{9A19103F-16F7-4668-BE54-9A1E7A4F7556}") = "AppBrix.Text.Tests", "Tests\AppBrix.Text.Tests\AppBrix.Text.Tests.csproj", "{24126DBE-FB59-4D75-883C-A03CA0133720}"
EndProject
Project("{9A19103F-16F7-4668-BE54-9A1E7A4F7556}") = "AppBrix.Time.Tests", "Tests\AppBrix.Time.Tests\AppBrix.Time.Tests.csproj", "{F9F1F6D5-1DA0-459A-851C-325A4D4426F2}"
EndProject
Project("{FAE04EC0-301F-11D3-BF4B-00C04F79EFBC}") = "AppBrix.Web.Client.Tests", "Tests\AppBrix.Web.Client.Tests\AppBrix.Web.Client.Tests.csproj", "{A0C52482-3245-4E24-9131-CE118DED13F5}"
EndProject
Project("{9A19103F-16F7-4668-BE54-9A1E7A4F7556}") = "AppBrix.Web.Server.Tests", "Tests\AppBrix.Web.Server.Tests\AppBrix.Web.Server.Tests.csproj", "{7DB372D5-0673-4852-B9C1-8F31EF57493F}"
EndProject
Global
	GlobalSection(SolutionConfigurationPlatforms) = preSolution
		Debug|Any CPU = Debug|Any CPU
		Release|Any CPU = Release|Any CPU
	EndGlobalSection
	GlobalSection(ProjectConfigurationPlatforms) = postSolution
		{80E1FF2A-A37B-460F-A3B4-98112217C883}.Debug|Any CPU.ActiveCfg = Debug|Any CPU
		{80E1FF2A-A37B-460F-A3B4-98112217C883}.Debug|Any CPU.Build.0 = Debug|Any CPU
		{80E1FF2A-A37B-460F-A3B4-98112217C883}.Release|Any CPU.ActiveCfg = Release|Any CPU
		{80E1FF2A-A37B-460F-A3B4-98112217C883}.Release|Any CPU.Build.0 = Release|Any CPU
		{33FE02D8-B501-4D52-96A0-EA6846DB9F43}.Debug|Any CPU.ActiveCfg = Debug|Any CPU
		{33FE02D8-B501-4D52-96A0-EA6846DB9F43}.Debug|Any CPU.Build.0 = Debug|Any CPU
		{33FE02D8-B501-4D52-96A0-EA6846DB9F43}.Release|Any CPU.ActiveCfg = Release|Any CPU
		{33FE02D8-B501-4D52-96A0-EA6846DB9F43}.Release|Any CPU.Build.0 = Release|Any CPU
		{FA682555-B7AE-4027-A794-A2B865EB4FD2}.Debug|Any CPU.ActiveCfg = Debug|Any CPU
		{FA682555-B7AE-4027-A794-A2B865EB4FD2}.Debug|Any CPU.Build.0 = Debug|Any CPU
		{FA682555-B7AE-4027-A794-A2B865EB4FD2}.Release|Any CPU.ActiveCfg = Release|Any CPU
		{FA682555-B7AE-4027-A794-A2B865EB4FD2}.Release|Any CPU.Build.0 = Release|Any CPU
		{9363EB91-F90B-4FEE-9EF9-667C60B7813A}.Debug|Any CPU.ActiveCfg = Debug|Any CPU
		{9363EB91-F90B-4FEE-9EF9-667C60B7813A}.Debug|Any CPU.Build.0 = Debug|Any CPU
		{9363EB91-F90B-4FEE-9EF9-667C60B7813A}.Release|Any CPU.ActiveCfg = Release|Any CPU
		{9363EB91-F90B-4FEE-9EF9-667C60B7813A}.Release|Any CPU.Build.0 = Release|Any CPU
		{1DA579B9-5019-47C8-9BBB-F3203AB0A179}.Debug|Any CPU.ActiveCfg = Debug|Any CPU
		{1DA579B9-5019-47C8-9BBB-F3203AB0A179}.Debug|Any CPU.Build.0 = Debug|Any CPU
		{1DA579B9-5019-47C8-9BBB-F3203AB0A179}.Release|Any CPU.ActiveCfg = Release|Any CPU
		{1DA579B9-5019-47C8-9BBB-F3203AB0A179}.Release|Any CPU.Build.0 = Release|Any CPU
		{5C6FD648-93E5-4DF0-BB04-7221F590DD00}.Debug|Any CPU.ActiveCfg = Debug|Any CPU
		{5C6FD648-93E5-4DF0-BB04-7221F590DD00}.Debug|Any CPU.Build.0 = Debug|Any CPU
		{5C6FD648-93E5-4DF0-BB04-7221F590DD00}.Release|Any CPU.ActiveCfg = Release|Any CPU
		{5C6FD648-93E5-4DF0-BB04-7221F590DD00}.Release|Any CPU.Build.0 = Release|Any CPU
		{C5FD7816-FF36-4BB9-A123-FA2A9892D944}.Debug|Any CPU.ActiveCfg = Debug|Any CPU
		{C5FD7816-FF36-4BB9-A123-FA2A9892D944}.Debug|Any CPU.Build.0 = Debug|Any CPU
		{C5FD7816-FF36-4BB9-A123-FA2A9892D944}.Release|Any CPU.ActiveCfg = Release|Any CPU
		{C5FD7816-FF36-4BB9-A123-FA2A9892D944}.Release|Any CPU.Build.0 = Release|Any CPU
		{BDBBA5BD-3213-421B-B24C-0F50AA1A2AA3}.Debug|Any CPU.ActiveCfg = Debug|Any CPU
		{BDBBA5BD-3213-421B-B24C-0F50AA1A2AA3}.Debug|Any CPU.Build.0 = Debug|Any CPU
		{BDBBA5BD-3213-421B-B24C-0F50AA1A2AA3}.Release|Any CPU.ActiveCfg = Release|Any CPU
		{BDBBA5BD-3213-421B-B24C-0F50AA1A2AA3}.Release|Any CPU.Build.0 = Release|Any CPU
		{8DF190AB-96BE-44B0-B42C-7007889863CC}.Debug|Any CPU.ActiveCfg = Debug|Any CPU
		{8DF190AB-96BE-44B0-B42C-7007889863CC}.Debug|Any CPU.Build.0 = Debug|Any CPU
		{8DF190AB-96BE-44B0-B42C-7007889863CC}.Release|Any CPU.ActiveCfg = Release|Any CPU
		{8DF190AB-96BE-44B0-B42C-7007889863CC}.Release|Any CPU.Build.0 = Release|Any CPU
		{127C6E7E-9F3A-4314-981C-B04C77E9BAA3}.Debug|Any CPU.ActiveCfg = Debug|Any CPU
		{127C6E7E-9F3A-4314-981C-B04C77E9BAA3}.Debug|Any CPU.Build.0 = Debug|Any CPU
		{127C6E7E-9F3A-4314-981C-B04C77E9BAA3}.Release|Any CPU.ActiveCfg = Release|Any CPU
		{127C6E7E-9F3A-4314-981C-B04C77E9BAA3}.Release|Any CPU.Build.0 = Release|Any CPU
		{47BCE141-B16B-4B0C-A6AC-CD5BF38EAE8D}.Debug|Any CPU.ActiveCfg = Debug|Any CPU
		{47BCE141-B16B-4B0C-A6AC-CD5BF38EAE8D}.Debug|Any CPU.Build.0 = Debug|Any CPU
		{47BCE141-B16B-4B0C-A6AC-CD5BF38EAE8D}.Release|Any CPU.ActiveCfg = Release|Any CPU
		{47BCE141-B16B-4B0C-A6AC-CD5BF38EAE8D}.Release|Any CPU.Build.0 = Release|Any CPU
		{3DE96A80-A043-4EDB-905A-787471C82E63}.Debug|Any CPU.ActiveCfg = Debug|Any CPU
		{3DE96A80-A043-4EDB-905A-787471C82E63}.Debug|Any CPU.Build.0 = Debug|Any CPU
		{3DE96A80-A043-4EDB-905A-787471C82E63}.Release|Any CPU.ActiveCfg = Release|Any CPU
		{3DE96A80-A043-4EDB-905A-787471C82E63}.Release|Any CPU.Build.0 = Release|Any CPU
		{6FD57C5F-2DB5-420E-BC71-D0F9547797E2}.Debug|Any CPU.ActiveCfg = Debug|Any CPU
		{6FD57C5F-2DB5-420E-BC71-D0F9547797E2}.Debug|Any CPU.Build.0 = Debug|Any CPU
		{6FD57C5F-2DB5-420E-BC71-D0F9547797E2}.Release|Any CPU.ActiveCfg = Release|Any CPU
		{6FD57C5F-2DB5-420E-BC71-D0F9547797E2}.Release|Any CPU.Build.0 = Release|Any CPU
		{51EA1A03-2C9D-4B37-A978-F16811F18979}.Debug|Any CPU.ActiveCfg = Debug|Any CPU
		{51EA1A03-2C9D-4B37-A978-F16811F18979}.Debug|Any CPU.Build.0 = Debug|Any CPU
		{51EA1A03-2C9D-4B37-A978-F16811F18979}.Release|Any CPU.ActiveCfg = Release|Any CPU
		{51EA1A03-2C9D-4B37-A978-F16811F18979}.Release|Any CPU.Build.0 = Release|Any CPU
		{D5388A44-FDAC-47D0-A7F9-8778C982FDFD}.Debug|Any CPU.ActiveCfg = Debug|Any CPU
		{D5388A44-FDAC-47D0-A7F9-8778C982FDFD}.Debug|Any CPU.Build.0 = Debug|Any CPU
		{D5388A44-FDAC-47D0-A7F9-8778C982FDFD}.Release|Any CPU.ActiveCfg = Release|Any CPU
		{D5388A44-FDAC-47D0-A7F9-8778C982FDFD}.Release|Any CPU.Build.0 = Release|Any CPU
		{D516DD88-8B17-42CB-BAE5-569ECFE38196}.Debug|Any CPU.ActiveCfg = Debug|Any CPU
		{D516DD88-8B17-42CB-BAE5-569ECFE38196}.Debug|Any CPU.Build.0 = Debug|Any CPU
		{D516DD88-8B17-42CB-BAE5-569ECFE38196}.Release|Any CPU.ActiveCfg = Release|Any CPU
		{D516DD88-8B17-42CB-BAE5-569ECFE38196}.Release|Any CPU.Build.0 = Release|Any CPU
		{EAF71732-68EF-4242-A335-8EC175725D0A}.Debug|Any CPU.ActiveCfg = Debug|Any CPU
		{EAF71732-68EF-4242-A335-8EC175725D0A}.Debug|Any CPU.Build.0 = Debug|Any CPU
		{EAF71732-68EF-4242-A335-8EC175725D0A}.Release|Any CPU.ActiveCfg = Release|Any CPU
		{EAF71732-68EF-4242-A335-8EC175725D0A}.Release|Any CPU.Build.0 = Release|Any CPU
		{60CF343A-BD69-4EE1-9A42-0EFD44C07DB5}.Debug|Any CPU.ActiveCfg = Debug|Any CPU
		{60CF343A-BD69-4EE1-9A42-0EFD44C07DB5}.Debug|Any CPU.Build.0 = Debug|Any CPU
		{60CF343A-BD69-4EE1-9A42-0EFD44C07DB5}.Release|Any CPU.ActiveCfg = Release|Any CPU
		{60CF343A-BD69-4EE1-9A42-0EFD44C07DB5}.Release|Any CPU.Build.0 = Release|Any CPU
		{315DE6BF-EA9D-4B82-B487-AE8A8F2CFB64}.Debug|Any CPU.ActiveCfg = Debug|Any CPU
		{315DE6BF-EA9D-4B82-B487-AE8A8F2CFB64}.Debug|Any CPU.Build.0 = Debug|Any CPU
		{315DE6BF-EA9D-4B82-B487-AE8A8F2CFB64}.Release|Any CPU.ActiveCfg = Release|Any CPU
		{315DE6BF-EA9D-4B82-B487-AE8A8F2CFB64}.Release|Any CPU.Build.0 = Release|Any CPU
		{9AD49682-94FB-424B-8DEE-529BB06823FC}.Debug|Any CPU.ActiveCfg = Debug|Any CPU
		{9AD49682-94FB-424B-8DEE-529BB06823FC}.Debug|Any CPU.Build.0 = Debug|Any CPU
		{9AD49682-94FB-424B-8DEE-529BB06823FC}.Release|Any CPU.ActiveCfg = Release|Any CPU
		{9AD49682-94FB-424B-8DEE-529BB06823FC}.Release|Any CPU.Build.0 = Release|Any CPU
		{3009CFFA-20C8-4746-B338-1943B81D929B}.Debug|Any CPU.ActiveCfg = Debug|Any CPU
		{3009CFFA-20C8-4746-B338-1943B81D929B}.Debug|Any CPU.Build.0 = Debug|Any CPU
		{3009CFFA-20C8-4746-B338-1943B81D929B}.Release|Any CPU.ActiveCfg = Release|Any CPU
		{3009CFFA-20C8-4746-B338-1943B81D929B}.Release|Any CPU.Build.0 = Release|Any CPU
		{0E4EFFCC-C105-41DC-94D2-70F3D8CC5311}.Debug|Any CPU.ActiveCfg = Debug|Any CPU
		{0E4EFFCC-C105-41DC-94D2-70F3D8CC5311}.Debug|Any CPU.Build.0 = Debug|Any CPU
		{0E4EFFCC-C105-41DC-94D2-70F3D8CC5311}.Release|Any CPU.ActiveCfg = Release|Any CPU
		{0E4EFFCC-C105-41DC-94D2-70F3D8CC5311}.Release|Any CPU.Build.0 = Release|Any CPU
		{53A97857-AD8F-4A1D-8231-F23B8AD6149D}.Debug|Any CPU.ActiveCfg = Debug|Any CPU
		{53A97857-AD8F-4A1D-8231-F23B8AD6149D}.Debug|Any CPU.Build.0 = Debug|Any CPU
		{53A97857-AD8F-4A1D-8231-F23B8AD6149D}.Release|Any CPU.ActiveCfg = Release|Any CPU
		{53A97857-AD8F-4A1D-8231-F23B8AD6149D}.Release|Any CPU.Build.0 = Release|Any CPU
		{CFA23309-E788-4AD3-957D-7F1E88BFA461}.Debug|Any CPU.ActiveCfg = Debug|Any CPU
		{CFA23309-E788-4AD3-957D-7F1E88BFA461}.Debug|Any CPU.Build.0 = Debug|Any CPU
		{CFA23309-E788-4AD3-957D-7F1E88BFA461}.Release|Any CPU.ActiveCfg = Release|Any CPU
		{CFA23309-E788-4AD3-957D-7F1E88BFA461}.Release|Any CPU.Build.0 = Release|Any CPU
		{E6F23839-21C4-4CA6-91E4-F66EDAC0262C}.Debug|Any CPU.ActiveCfg = Debug|Any CPU
		{E6F23839-21C4-4CA6-91E4-F66EDAC0262C}.Debug|Any CPU.Build.0 = Debug|Any CPU
		{E6F23839-21C4-4CA6-91E4-F66EDAC0262C}.Release|Any CPU.ActiveCfg = Release|Any CPU
		{E6F23839-21C4-4CA6-91E4-F66EDAC0262C}.Release|Any CPU.Build.0 = Release|Any CPU
		{6E991EC7-D79E-4CD1-B39F-4DE8E062569A}.Debug|Any CPU.ActiveCfg = Debug|Any CPU
		{6E991EC7-D79E-4CD1-B39F-4DE8E062569A}.Debug|Any CPU.Build.0 = Debug|Any CPU
		{6E991EC7-D79E-4CD1-B39F-4DE8E062569A}.Release|Any CPU.ActiveCfg = Release|Any CPU
		{6E991EC7-D79E-4CD1-B39F-4DE8E062569A}.Release|Any CPU.Build.0 = Release|Any CPU
		{1F275F10-FB52-4F77-9690-A39E7CAFE67E}.Debug|Any CPU.ActiveCfg = Debug|Any CPU
		{1F275F10-FB52-4F77-9690-A39E7CAFE67E}.Debug|Any CPU.Build.0 = Debug|Any CPU
		{1F275F10-FB52-4F77-9690-A39E7CAFE67E}.Release|Any CPU.ActiveCfg = Release|Any CPU
		{1F275F10-FB52-4F77-9690-A39E7CAFE67E}.Release|Any CPU.Build.0 = Release|Any CPU
		{9E000495-459F-4E1F-B6E4-6431092C3823}.Debug|Any CPU.ActiveCfg = Debug|Any CPU
		{9E000495-459F-4E1F-B6E4-6431092C3823}.Debug|Any CPU.Build.0 = Debug|Any CPU
		{9E000495-459F-4E1F-B6E4-6431092C3823}.Release|Any CPU.ActiveCfg = Release|Any CPU
		{9E000495-459F-4E1F-B6E4-6431092C3823}.Release|Any CPU.Build.0 = Release|Any CPU
		{5DDE07B5-38AC-413E-8D36-0DEB7FB2DBF2}.Debug|Any CPU.ActiveCfg = Debug|Any CPU
		{5DDE07B5-38AC-413E-8D36-0DEB7FB2DBF2}.Debug|Any CPU.Build.0 = Debug|Any CPU
		{5DDE07B5-38AC-413E-8D36-0DEB7FB2DBF2}.Release|Any CPU.ActiveCfg = Release|Any CPU
		{5DDE07B5-38AC-413E-8D36-0DEB7FB2DBF2}.Release|Any CPU.Build.0 = Release|Any CPU
		{2E08B1F8-B0B8-4FB3-A165-9D774361F7C3}.Debug|Any CPU.ActiveCfg = Debug|Any CPU
		{2E08B1F8-B0B8-4FB3-A165-9D774361F7C3}.Debug|Any CPU.Build.0 = Debug|Any CPU
		{2E08B1F8-B0B8-4FB3-A165-9D774361F7C3}.Release|Any CPU.ActiveCfg = Release|Any CPU
		{2E08B1F8-B0B8-4FB3-A165-9D774361F7C3}.Release|Any CPU.Build.0 = Release|Any CPU
		{E1152B20-8C64-4F57-A50D-1BC2742B89B4}.Debug|Any CPU.ActiveCfg = Debug|Any CPU
		{E1152B20-8C64-4F57-A50D-1BC2742B89B4}.Debug|Any CPU.Build.0 = Debug|Any CPU
		{E1152B20-8C64-4F57-A50D-1BC2742B89B4}.Release|Any CPU.ActiveCfg = Release|Any CPU
		{E1152B20-8C64-4F57-A50D-1BC2742B89B4}.Release|Any CPU.Build.0 = Release|Any CPU
		{CB37668E-84BE-40B8-9CB9-A94C48C5BA65}.Debug|Any CPU.ActiveCfg = Debug|Any CPU
		{CB37668E-84BE-40B8-9CB9-A94C48C5BA65}.Debug|Any CPU.Build.0 = Debug|Any CPU
		{CB37668E-84BE-40B8-9CB9-A94C48C5BA65}.Release|Any CPU.ActiveCfg = Release|Any CPU
		{CB37668E-84BE-40B8-9CB9-A94C48C5BA65}.Release|Any CPU.Build.0 = Release|Any CPU
		{BF4AD230-4096-41BD-A4CF-F19C237277FB}.Debug|Any CPU.ActiveCfg = Debug|Any CPU
		{BF4AD230-4096-41BD-A4CF-F19C237277FB}.Debug|Any CPU.Build.0 = Debug|Any CPU
		{BF4AD230-4096-41BD-A4CF-F19C237277FB}.Release|Any CPU.ActiveCfg = Release|Any CPU
		{BF4AD230-4096-41BD-A4CF-F19C237277FB}.Release|Any CPU.Build.0 = Release|Any CPU
		{7989699F-7924-4230-AD0F-675E57C633B8}.Debug|Any CPU.ActiveCfg = Debug|Any CPU
		{7989699F-7924-4230-AD0F-675E57C633B8}.Debug|Any CPU.Build.0 = Debug|Any CPU
		{7989699F-7924-4230-AD0F-675E57C633B8}.Release|Any CPU.ActiveCfg = Release|Any CPU
		{7989699F-7924-4230-AD0F-675E57C633B8}.Release|Any CPU.Build.0 = Release|Any CPU
		{CE05FF78-7F0A-45FA-A749-CEA23B821BB7}.Debug|Any CPU.ActiveCfg = Debug|Any CPU
		{CE05FF78-7F0A-45FA-A749-CEA23B821BB7}.Debug|Any CPU.Build.0 = Debug|Any CPU
		{CE05FF78-7F0A-45FA-A749-CEA23B821BB7}.Release|Any CPU.ActiveCfg = Release|Any CPU
		{CE05FF78-7F0A-45FA-A749-CEA23B821BB7}.Release|Any CPU.Build.0 = Release|Any CPU
		{904C8597-DB45-4709-BBB0-983548DD4675}.Debug|Any CPU.ActiveCfg = Debug|Any CPU
		{904C8597-DB45-4709-BBB0-983548DD4675}.Debug|Any CPU.Build.0 = Debug|Any CPU
		{904C8597-DB45-4709-BBB0-983548DD4675}.Release|Any CPU.ActiveCfg = Release|Any CPU
		{904C8597-DB45-4709-BBB0-983548DD4675}.Release|Any CPU.Build.0 = Release|Any CPU
		{F987BA5F-3B58-4316-9232-0253C47743E2}.Debug|Any CPU.ActiveCfg = Debug|Any CPU
		{F987BA5F-3B58-4316-9232-0253C47743E2}.Debug|Any CPU.Build.0 = Debug|Any CPU
		{F987BA5F-3B58-4316-9232-0253C47743E2}.Release|Any CPU.ActiveCfg = Release|Any CPU
		{F987BA5F-3B58-4316-9232-0253C47743E2}.Release|Any CPU.Build.0 = Release|Any CPU
		{1A5BA967-F0D5-4640-95B1-DA44F35284CB}.Debug|Any CPU.ActiveCfg = Debug|Any CPU
		{1A5BA967-F0D5-4640-95B1-DA44F35284CB}.Debug|Any CPU.Build.0 = Debug|Any CPU
		{1A5BA967-F0D5-4640-95B1-DA44F35284CB}.Release|Any CPU.ActiveCfg = Release|Any CPU
		{1A5BA967-F0D5-4640-95B1-DA44F35284CB}.Release|Any CPU.Build.0 = Release|Any CPU
		{92DB36E3-273B-412E-80F4-21489FDB6276}.Debug|Any CPU.ActiveCfg = Debug|Any CPU
		{92DB36E3-273B-412E-80F4-21489FDB6276}.Debug|Any CPU.Build.0 = Debug|Any CPU
		{92DB36E3-273B-412E-80F4-21489FDB6276}.Release|Any CPU.ActiveCfg = Release|Any CPU
		{92DB36E3-273B-412E-80F4-21489FDB6276}.Release|Any CPU.Build.0 = Release|Any CPU
		{3EE0E0A5-AD83-4D97-BAB7-88ABD3877D77}.Debug|Any CPU.ActiveCfg = Debug|Any CPU
		{3EE0E0A5-AD83-4D97-BAB7-88ABD3877D77}.Debug|Any CPU.Build.0 = Debug|Any CPU
		{3EE0E0A5-AD83-4D97-BAB7-88ABD3877D77}.Debug|Any CPU.Deploy.0 = Debug|Any CPU
		{3EE0E0A5-AD83-4D97-BAB7-88ABD3877D77}.Release|Any CPU.ActiveCfg = Release|Any CPU
		{3EE0E0A5-AD83-4D97-BAB7-88ABD3877D77}.Release|Any CPU.Build.0 = Release|Any CPU
		{24126DBE-FB59-4D75-883C-A03CA0133720}.Debug|Any CPU.ActiveCfg = Debug|Any CPU
		{24126DBE-FB59-4D75-883C-A03CA0133720}.Debug|Any CPU.Build.0 = Debug|Any CPU
		{24126DBE-FB59-4D75-883C-A03CA0133720}.Release|Any CPU.ActiveCfg = Release|Any CPU
		{24126DBE-FB59-4D75-883C-A03CA0133720}.Release|Any CPU.Build.0 = Release|Any CPU
		{F9F1F6D5-1DA0-459A-851C-325A4D4426F2}.Debug|Any CPU.ActiveCfg = Debug|Any CPU
		{F9F1F6D5-1DA0-459A-851C-325A4D4426F2}.Debug|Any CPU.Build.0 = Debug|Any CPU
		{F9F1F6D5-1DA0-459A-851C-325A4D4426F2}.Release|Any CPU.ActiveCfg = Release|Any CPU
		{F9F1F6D5-1DA0-459A-851C-325A4D4426F2}.Release|Any CPU.Build.0 = Release|Any CPU
		{7DB372D5-0673-4852-B9C1-8F31EF57493F}.Debug|Any CPU.ActiveCfg = Debug|Any CPU
		{7DB372D5-0673-4852-B9C1-8F31EF57493F}.Debug|Any CPU.Build.0 = Debug|Any CPU
		{7DB372D5-0673-4852-B9C1-8F31EF57493F}.Release|Any CPU.ActiveCfg = Release|Any CPU
		{7DB372D5-0673-4852-B9C1-8F31EF57493F}.Release|Any CPU.Build.0 = Release|Any CPU
		{82D79660-2F2E-4741-ACB2-439B6D8752C3}.Debug|Any CPU.ActiveCfg = Debug|Any CPU
		{82D79660-2F2E-4741-ACB2-439B6D8752C3}.Debug|Any CPU.Build.0 = Debug|Any CPU
		{82D79660-2F2E-4741-ACB2-439B6D8752C3}.Release|Any CPU.ActiveCfg = Release|Any CPU
		{82D79660-2F2E-4741-ACB2-439B6D8752C3}.Release|Any CPU.Build.0 = Release|Any CPU
		{80954BDA-0884-4EF4-9149-DC42946AD90E}.Debug|Any CPU.ActiveCfg = Debug|Any CPU
		{80954BDA-0884-4EF4-9149-DC42946AD90E}.Debug|Any CPU.Build.0 = Debug|Any CPU
		{80954BDA-0884-4EF4-9149-DC42946AD90E}.Release|Any CPU.ActiveCfg = Release|Any CPU
		{80954BDA-0884-4EF4-9149-DC42946AD90E}.Release|Any CPU.Build.0 = Release|Any CPU
		{07388810-D296-4932-BE4F-D95566CE8C53}.Debug|Any CPU.ActiveCfg = Debug|Any CPU
		{07388810-D296-4932-BE4F-D95566CE8C53}.Debug|Any CPU.Build.0 = Debug|Any CPU
		{07388810-D296-4932-BE4F-D95566CE8C53}.Release|Any CPU.ActiveCfg = Release|Any CPU
		{07388810-D296-4932-BE4F-D95566CE8C53}.Release|Any CPU.Build.0 = Release|Any CPU
		{F43077EA-19F6-4220-AFCD-C8DD3AB9DDF9}.Debug|Any CPU.ActiveCfg = Debug|Any CPU
		{F43077EA-19F6-4220-AFCD-C8DD3AB9DDF9}.Debug|Any CPU.Build.0 = Debug|Any CPU
		{F43077EA-19F6-4220-AFCD-C8DD3AB9DDF9}.Release|Any CPU.ActiveCfg = Release|Any CPU
		{F43077EA-19F6-4220-AFCD-C8DD3AB9DDF9}.Release|Any CPU.Build.0 = Release|Any CPU
		{653EF513-D3B4-412C-8126-13BB57D24E77}.Debug|Any CPU.ActiveCfg = Debug|Any CPU
		{653EF513-D3B4-412C-8126-13BB57D24E77}.Debug|Any CPU.Build.0 = Debug|Any CPU
		{653EF513-D3B4-412C-8126-13BB57D24E77}.Release|Any CPU.ActiveCfg = Release|Any CPU
		{653EF513-D3B4-412C-8126-13BB57D24E77}.Release|Any CPU.Build.0 = Release|Any CPU
		{C3783D6A-C7AF-4325-A502-131247B74FFA}.Debug|Any CPU.ActiveCfg = Debug|Any CPU
		{C3783D6A-C7AF-4325-A502-131247B74FFA}.Debug|Any CPU.Build.0 = Debug|Any CPU
		{C3783D6A-C7AF-4325-A502-131247B74FFA}.Release|Any CPU.ActiveCfg = Release|Any CPU
		{C3783D6A-C7AF-4325-A502-131247B74FFA}.Release|Any CPU.Build.0 = Release|Any CPU
		{90855AE8-A8F3-4925-902C-1A9552C5AF2A}.Debug|Any CPU.ActiveCfg = Debug|Any CPU
		{90855AE8-A8F3-4925-902C-1A9552C5AF2A}.Debug|Any CPU.Build.0 = Debug|Any CPU
		{90855AE8-A8F3-4925-902C-1A9552C5AF2A}.Release|Any CPU.ActiveCfg = Release|Any CPU
		{90855AE8-A8F3-4925-902C-1A9552C5AF2A}.Release|Any CPU.Build.0 = Release|Any CPU
		{BEE6F4DF-8808-4C99-8173-28B7A70EE671}.Debug|Any CPU.ActiveCfg = Debug|Any CPU
		{BEE6F4DF-8808-4C99-8173-28B7A70EE671}.Debug|Any CPU.Build.0 = Debug|Any CPU
		{BEE6F4DF-8808-4C99-8173-28B7A70EE671}.Release|Any CPU.ActiveCfg = Release|Any CPU
		{BEE6F4DF-8808-4C99-8173-28B7A70EE671}.Release|Any CPU.Build.0 = Release|Any CPU
		{757AE0C9-03CF-451C-9DAD-49407D669841}.Debug|Any CPU.ActiveCfg = Debug|Any CPU
		{757AE0C9-03CF-451C-9DAD-49407D669841}.Debug|Any CPU.Build.0 = Debug|Any CPU
		{757AE0C9-03CF-451C-9DAD-49407D669841}.Release|Any CPU.ActiveCfg = Release|Any CPU
		{757AE0C9-03CF-451C-9DAD-49407D669841}.Release|Any CPU.Build.0 = Release|Any CPU
		{CBDA3A7E-85A5-480E-91D0-677F389B0F4C}.Debug|Any CPU.ActiveCfg = Debug|Any CPU
		{CBDA3A7E-85A5-480E-91D0-677F389B0F4C}.Debug|Any CPU.Build.0 = Debug|Any CPU
		{CBDA3A7E-85A5-480E-91D0-677F389B0F4C}.Release|Any CPU.ActiveCfg = Release|Any CPU
		{CBDA3A7E-85A5-480E-91D0-677F389B0F4C}.Release|Any CPU.Build.0 = Release|Any CPU
		{51C2FC1E-EE21-42B6-9A79-7E6A48B88B55}.Debug|Any CPU.ActiveCfg = Debug|Any CPU
		{51C2FC1E-EE21-42B6-9A79-7E6A48B88B55}.Debug|Any CPU.Build.0 = Debug|Any CPU
		{51C2FC1E-EE21-42B6-9A79-7E6A48B88B55}.Release|Any CPU.ActiveCfg = Release|Any CPU
		{51C2FC1E-EE21-42B6-9A79-7E6A48B88B55}.Release|Any CPU.Build.0 = Release|Any CPU
		{A47CAD7C-A279-447F-93A1-C2BEDB308574}.Debug|Any CPU.ActiveCfg = Debug|Any CPU
		{A47CAD7C-A279-447F-93A1-C2BEDB308574}.Debug|Any CPU.Build.0 = Debug|Any CPU
		{A47CAD7C-A279-447F-93A1-C2BEDB308574}.Release|Any CPU.ActiveCfg = Release|Any CPU
		{A47CAD7C-A279-447F-93A1-C2BEDB308574}.Release|Any CPU.Build.0 = Release|Any CPU
		{E3BD1870-571A-4638-BC19-429A86343CF8}.Debug|Any CPU.ActiveCfg = Debug|Any CPU
		{E3BD1870-571A-4638-BC19-429A86343CF8}.Debug|Any CPU.Build.0 = Debug|Any CPU
		{E3BD1870-571A-4638-BC19-429A86343CF8}.Release|Any CPU.ActiveCfg = Release|Any CPU
		{E3BD1870-571A-4638-BC19-429A86343CF8}.Release|Any CPU.Build.0 = Release|Any CPU
		{A0C52482-3245-4E24-9131-CE118DED13F5}.Debug|Any CPU.ActiveCfg = Debug|Any CPU
		{A0C52482-3245-4E24-9131-CE118DED13F5}.Debug|Any CPU.Build.0 = Debug|Any CPU
		{A0C52482-3245-4E24-9131-CE118DED13F5}.Release|Any CPU.ActiveCfg = Release|Any CPU
		{A0C52482-3245-4E24-9131-CE118DED13F5}.Release|Any CPU.Build.0 = Release|Any CPU
	EndGlobalSection
	GlobalSection(SolutionProperties) = preSolution
		HideSolutionNode = FALSE
	EndGlobalSection
	GlobalSection(NestedProjects) = preSolution
		{80E1FF2A-A37B-460F-A3B4-98112217C883} = {F6BC1FBE-D2EC-42E4-B760-1D919EA0A3A3}
		{33FE02D8-B501-4D52-96A0-EA6846DB9F43} = {F6BC1FBE-D2EC-42E4-B760-1D919EA0A3A3}
		{FA682555-B7AE-4027-A794-A2B865EB4FD2} = {9C8A720D-7382-4C91-9B62-86EB554B2C29}
		{9363EB91-F90B-4FEE-9EF9-667C60B7813A} = {9C8A720D-7382-4C91-9B62-86EB554B2C29}
		{1DA579B9-5019-47C8-9BBB-F3203AB0A179} = {9C8A720D-7382-4C91-9B62-86EB554B2C29}
		{5C6FD648-93E5-4DF0-BB04-7221F590DD00} = {9C8A720D-7382-4C91-9B62-86EB554B2C29}
		{C5FD7816-FF36-4BB9-A123-FA2A9892D944} = {9C8A720D-7382-4C91-9B62-86EB554B2C29}
		{BDBBA5BD-3213-421B-B24C-0F50AA1A2AA3} = {9C8A720D-7382-4C91-9B62-86EB554B2C29}
		{8DF190AB-96BE-44B0-B42C-7007889863CC} = {9C8A720D-7382-4C91-9B62-86EB554B2C29}
		{127C6E7E-9F3A-4314-981C-B04C77E9BAA3} = {FE5803DF-2805-4190-AE4C-82E778BC2106}
		{47BCE141-B16B-4B0C-A6AC-CD5BF38EAE8D} = {FE5803DF-2805-4190-AE4C-82E778BC2106}
		{3DE96A80-A043-4EDB-905A-787471C82E63} = {FE5803DF-2805-4190-AE4C-82E778BC2106}
		{6FD57C5F-2DB5-420E-BC71-D0F9547797E2} = {FE5803DF-2805-4190-AE4C-82E778BC2106}
		{51EA1A03-2C9D-4B37-A978-F16811F18979} = {FE5803DF-2805-4190-AE4C-82E778BC2106}
		{D5388A44-FDAC-47D0-A7F9-8778C982FDFD} = {FE5803DF-2805-4190-AE4C-82E778BC2106}
		{D516DD88-8B17-42CB-BAE5-569ECFE38196} = {FE5803DF-2805-4190-AE4C-82E778BC2106}
		{EAF71732-68EF-4242-A335-8EC175725D0A} = {FE5803DF-2805-4190-AE4C-82E778BC2106}
		{60CF343A-BD69-4EE1-9A42-0EFD44C07DB5} = {FE5803DF-2805-4190-AE4C-82E778BC2106}
		{315DE6BF-EA9D-4B82-B487-AE8A8F2CFB64} = {FE5803DF-2805-4190-AE4C-82E778BC2106}
		{9AD49682-94FB-424B-8DEE-529BB06823FC} = {FE5803DF-2805-4190-AE4C-82E778BC2106}
		{3009CFFA-20C8-4746-B338-1943B81D929B} = {FE5803DF-2805-4190-AE4C-82E778BC2106}
		{0E4EFFCC-C105-41DC-94D2-70F3D8CC5311} = {FE5803DF-2805-4190-AE4C-82E778BC2106}
		{53A97857-AD8F-4A1D-8231-F23B8AD6149D} = {FE5803DF-2805-4190-AE4C-82E778BC2106}
		{CFA23309-E788-4AD3-957D-7F1E88BFA461} = {FE5803DF-2805-4190-AE4C-82E778BC2106}
		{E6F23839-21C4-4CA6-91E4-F66EDAC0262C} = {FE5803DF-2805-4190-AE4C-82E778BC2106}
		{6E991EC7-D79E-4CD1-B39F-4DE8E062569A} = {FE5803DF-2805-4190-AE4C-82E778BC2106}
		{1F275F10-FB52-4F77-9690-A39E7CAFE67E} = {FE5803DF-2805-4190-AE4C-82E778BC2106}
		{9E000495-459F-4E1F-B6E4-6431092C3823} = {FE5803DF-2805-4190-AE4C-82E778BC2106}
		{5DDE07B5-38AC-413E-8D36-0DEB7FB2DBF2} = {FE5803DF-2805-4190-AE4C-82E778BC2106}
		{2E08B1F8-B0B8-4FB3-A165-9D774361F7C3} = {FE5803DF-2805-4190-AE4C-82E778BC2106}
		{E1152B20-8C64-4F57-A50D-1BC2742B89B4} = {32FF1B46-A25D-406E-9F71-1FD25A3F52E8}
		{CB37668E-84BE-40B8-9CB9-A94C48C5BA65} = {32FF1B46-A25D-406E-9F71-1FD25A3F52E8}
		{BF4AD230-4096-41BD-A4CF-F19C237277FB} = {32FF1B46-A25D-406E-9F71-1FD25A3F52E8}
		{7989699F-7924-4230-AD0F-675E57C633B8} = {32FF1B46-A25D-406E-9F71-1FD25A3F52E8}
		{CE05FF78-7F0A-45FA-A749-CEA23B821BB7} = {32FF1B46-A25D-406E-9F71-1FD25A3F52E8}
		{904C8597-DB45-4709-BBB0-983548DD4675} = {32FF1B46-A25D-406E-9F71-1FD25A3F52E8}
		{F987BA5F-3B58-4316-9232-0253C47743E2} = {32FF1B46-A25D-406E-9F71-1FD25A3F52E8}
		{1A5BA967-F0D5-4640-95B1-DA44F35284CB} = {32FF1B46-A25D-406E-9F71-1FD25A3F52E8}
		{92DB36E3-273B-412E-80F4-21489FDB6276} = {32FF1B46-A25D-406E-9F71-1FD25A3F52E8}
		{3EE0E0A5-AD83-4D97-BAB7-88ABD3877D77} = {32FF1B46-A25D-406E-9F71-1FD25A3F52E8}
		{24126DBE-FB59-4D75-883C-A03CA0133720} = {32FF1B46-A25D-406E-9F71-1FD25A3F52E8}
		{F9F1F6D5-1DA0-459A-851C-325A4D4426F2} = {32FF1B46-A25D-406E-9F71-1FD25A3F52E8}
		{7DB372D5-0673-4852-B9C1-8F31EF57493F} = {32FF1B46-A25D-406E-9F71-1FD25A3F52E8}
		{82D79660-2F2E-4741-ACB2-439B6D8752C3} = {FE5803DF-2805-4190-AE4C-82E778BC2106}
		{80954BDA-0884-4EF4-9149-DC42946AD90E} = {32FF1B46-A25D-406E-9F71-1FD25A3F52E8}
		{07388810-D296-4932-BE4F-D95566CE8C53} = {FE5803DF-2805-4190-AE4C-82E778BC2106}
		{F43077EA-19F6-4220-AFCD-C8DD3AB9DDF9} = {32FF1B46-A25D-406E-9F71-1FD25A3F52E8}
		{653EF513-D3B4-412C-8126-13BB57D24E77} = {44FD92A1-E8A6-484C-9287-7AAAC3CE0C41}
		{C3783D6A-C7AF-4325-A502-131247B74FFA} = {44FD92A1-E8A6-484C-9287-7AAAC3CE0C41}
		{90855AE8-A8F3-4925-902C-1A9552C5AF2A} = {32FF1B46-A25D-406E-9F71-1FD25A3F52E8}
		{BEE6F4DF-8808-4C99-8173-28B7A70EE671} = {FE5803DF-2805-4190-AE4C-82E778BC2106}
		{757AE0C9-03CF-451C-9DAD-49407D669841} = {32FF1B46-A25D-406E-9F71-1FD25A3F52E8}
		{CBDA3A7E-85A5-480E-91D0-677F389B0F4C} = {FE5803DF-2805-4190-AE4C-82E778BC2106}
		{51C2FC1E-EE21-42B6-9A79-7E6A48B88B55} = {32FF1B46-A25D-406E-9F71-1FD25A3F52E8}
		{A47CAD7C-A279-447F-93A1-C2BEDB308574} = {32FF1B46-A25D-406E-9F71-1FD25A3F52E8}
		{E3BD1870-571A-4638-BC19-429A86343CF8} = {32FF1B46-A25D-406E-9F71-1FD25A3F52E8}
		{A0C52482-3245-4E24-9131-CE118DED13F5} = {32FF1B46-A25D-406E-9F71-1FD25A3F52E8}
	EndGlobalSection
	GlobalSection(ExtensibilityGlobals) = postSolution
		SolutionGuid = {A6D3EF8B-A819-42CD-8987-D250605868C5}
	EndGlobalSection
EndGlobal
