
Microsoft Visual Studio Solution File, Format Version 12.00
# Visual Studio 14
VisualStudioVersion = 14.0.25123.0
MinimumVisualStudioVersion = 10.0.40219.1
Project("{2150E333-8FDC-42A3-9474-1A3956D46DE8}") = ".Global", ".Global", "{8ADB6662-4780-4AB5-BA67-3FB56322EBB9}"
	ProjectSection(SolutionItems) = preProject
		.gitignore = .gitignore
		global.json = global.json
		NuGet.Config = NuGet.Config
		README.md = README.md
	EndProjectSection
EndProject
Project("{2150E333-8FDC-42A3-9474-1A3956D46DE8}") = "Modules", "Modules", "{FE5803DF-2805-4190-AE4C-82E778BC2106}"
EndProject
Project("{2150E333-8FDC-42A3-9474-1A3956D46DE8}") = "Tests", "Tests", "{32FF1B46-A25D-406E-9F71-1FD25A3F52E8}"
EndProject
Project("{2150E333-8FDC-42A3-9474-1A3956D46DE8}") = "Projects", "Projects", "{F6BC1FBE-D2EC-42E4-B760-1D919EA0A3A3}"
EndProject
Project("{2150E333-8FDC-42A3-9474-1A3956D46DE8}") = "Application", "Application", "{9C8A720D-7382-4C91-9B62-86EB554B2C29}"
EndProject
Project("{8BB2217D-0F2D-49D1-97BC-3654ED321F3B}") = "AppBrix.ConsoleApp", "AppBrix.ConsoleApp\AppBrix.ConsoleApp.xproj", "{80E1FF2A-A37B-460F-A3B4-98112217C883}"
EndProject
Project("{8BB2217D-0F2D-49D1-97BC-3654ED321F3B}") = "AppBrix", "AppBrix\AppBrix.xproj", "{FA682555-B7AE-4027-A794-A2B865EB4FD2}"
EndProject
Project("{8BB2217D-0F2D-49D1-97BC-3654ED321F3B}") = "AppBrix.Configuration", "AppBrix.Configuration\AppBrix.Configuration.xproj", "{9363EB91-F90B-4FEE-9EF9-667C60B7813A}"
EndProject
Project("{8BB2217D-0F2D-49D1-97BC-3654ED321F3B}") = "AppBrix.Configuration.Files", "AppBrix.Configuration.Files\AppBrix.Configuration.Files.xproj", "{1DA579B9-5019-47C8-9BBB-F3203AB0A179}"
EndProject
Project("{8BB2217D-0F2D-49D1-97BC-3654ED321F3B}") = "AppBrix.Configuration.Json", "AppBrix.Configuration.Json\AppBrix.Configuration.Json.xproj", "{5C6FD648-93E5-4DF0-BB04-7221F590DD00}"
EndProject
Project("{8BB2217D-0F2D-49D1-97BC-3654ED321F3B}") = "AppBrix.Utils", "AppBrix.Utils\AppBrix.Utils.xproj", "{8DF190AB-96BE-44B0-B42C-7007889863CC}"
EndProject
Project("{8BB2217D-0F2D-49D1-97BC-3654ED321F3B}") = "AppBrix.Resolver", "AppBrix.Resolver\AppBrix.Resolver.xproj", "{6FD57C5F-2DB5-420E-BC71-D0F9547797E2}"
EndProject
Project("{8BB2217D-0F2D-49D1-97BC-3654ED321F3B}") = "AppBrix.Tests", "AppBrix.Tests\AppBrix.Tests.xproj", "{3EE0E0A5-AD83-4D97-BAB7-88ABD3877D77}"
EndProject
Project("{8BB2217D-0F2D-49D1-97BC-3654ED321F3B}") = "AppBrix.Configuration.Memory", "AppBrix.Configuration.Memory\AppBrix.Configuration.Memory.xproj", "{C5FD7816-FF36-4BB9-A123-FA2A9892D944}"
EndProject
Project("{8BB2217D-0F2D-49D1-97BC-3654ED321F3B}") = "AppBrix.Resolver.Tests", "AppBrix.Resolver.Tests\AppBrix.Resolver.Tests.xproj", "{CE05FF78-7F0A-45FA-A749-CEA23B821BB7}"
EndProject
Project("{8BB2217D-0F2D-49D1-97BC-3654ED321F3B}") = "AppBrix.Factory", "AppBrix.Factory\AppBrix.Factory.xproj", "{53A97857-AD8F-4A1D-8231-F23B8AD6149D}"
EndProject
Project("{8BB2217D-0F2D-49D1-97BC-3654ED321F3B}") = "AppBrix.Factory.Tests", "AppBrix.Factory.Tests\AppBrix.Factory.Tests.xproj", "{1A5BA967-F0D5-4640-95B1-DA44F35284CB}"
EndProject
Project("{8BB2217D-0F2D-49D1-97BC-3654ED321F3B}") = "AppBrix.Cloning", "AppBrix.Cloning\AppBrix.Cloning.xproj", "{3DE96A80-A043-4EDB-905A-787471C82E63}"
EndProject
Project("{8BB2217D-0F2D-49D1-97BC-3654ED321F3B}") = "AppBrix.Cloning.Tests", "AppBrix.Cloning.Tests\AppBrix.Cloning.Tests.xproj", "{BF4AD230-4096-41BD-A4CF-F19C237277FB}"
EndProject
Project("{8BB2217D-0F2D-49D1-97BC-3654ED321F3B}") = "AppBrix.Caching", "AppBrix.Caching\AppBrix.Caching.xproj", "{127C6E7E-9F3A-4314-981C-B04C77E9BAA3}"
EndProject
Project("{8BB2217D-0F2D-49D1-97BC-3654ED321F3B}") = "AppBrix.Caching.Tests", "AppBrix.Caching.Tests\AppBrix.Caching.Tests.xproj", "{CB37668E-84BE-40B8-9CB9-A94C48C5BA65}"
EndProject
Project("{8BB2217D-0F2D-49D1-97BC-3654ED321F3B}") = "AppBrix.Events", "AppBrix.Events\AppBrix.Events.xproj", "{315DE6BF-EA9D-4B82-B487-AE8A8F2CFB64}"
EndProject
Project("{8BB2217D-0F2D-49D1-97BC-3654ED321F3B}") = "AppBrix.Events.Tests", "AppBrix.Events.Tests\AppBrix.Events.Tests.xproj", "{F987BA5F-3B58-4316-9232-0253C47743E2}"
EndProject
Project("{8BB2217D-0F2D-49D1-97BC-3654ED321F3B}") = "AppBrix.Time", "AppBrix.Time\AppBrix.Time.xproj", "{9E000495-459F-4E1F-B6E4-6431092C3823}"
EndProject
Project("{8BB2217D-0F2D-49D1-97BC-3654ED321F3B}") = "AppBrix.Time.Tests", "AppBrix.Time.Tests\AppBrix.Time.Tests.xproj", "{F9F1F6D5-1DA0-459A-851C-325A4D4426F2}"
EndProject
Project("{8BB2217D-0F2D-49D1-97BC-3654ED321F3B}") = "AppBrix.Logging", "AppBrix.Logging\AppBrix.Logging.xproj", "{CFA23309-E788-4AD3-957D-7F1E88BFA461}"
EndProject
Project("{8BB2217D-0F2D-49D1-97BC-3654ED321F3B}") = "AppBrix.Logging.Tests", "AppBrix.Logging.Tests\AppBrix.Logging.Tests.xproj", "{92DB36E3-273B-412E-80F4-21489FDB6276}"
EndProject
Project("{8BB2217D-0F2D-49D1-97BC-3654ED321F3B}") = "AppBrix.Logging.Console", "AppBrix.Logging.Console\AppBrix.Logging.Console.xproj", "{E6F23839-21C4-4CA6-91E4-F66EDAC0262C}"
EndProject
Project("{8BB2217D-0F2D-49D1-97BC-3654ED321F3B}") = "AppBrix.Logging.File", "AppBrix.Logging.File\AppBrix.Logging.File.xproj", "{6E991EC7-D79E-4CD1-B39F-4DE8E062569A}"
EndProject
Project("{8BB2217D-0F2D-49D1-97BC-3654ED321F3B}") = "AppBrix.Web.Client", "AppBrix.Web.Client\AppBrix.Web.Client.xproj", "{5DDE07B5-38AC-413E-8D36-0DEB7FB2DBF2}"
EndProject
Project("{8BB2217D-0F2D-49D1-97BC-3654ED321F3B}") = "AppBrix.Web.Server", "AppBrix.Web.Server\AppBrix.Web.Server.xproj", "{2E08B1F8-B0B8-4FB3-A165-9D774361F7C3}"
EndProject
Project("{8BB2217D-0F2D-49D1-97BC-3654ED321F3B}") = "AppBrix.Web.Server.Tests", "AppBrix.Web.Server.Tests\AppBrix.Web.Server.Tests.xproj", "{7DB372D5-0673-4852-B9C1-8F31EF57493F}"
EndProject
Project("{8BB2217D-0F2D-49D1-97BC-3654ED321F3B}") = "AppBrix.Configuration.Tests", "AppBrix.Configuration.Tests\AppBrix.Configuration.Tests.xproj", "{7989699F-7924-4230-AD0F-675E57C633B8}"
EndProject
Global
	GlobalSection(SolutionConfigurationPlatforms) = preSolution
		Debug|Any CPU = Debug|Any CPU
		Release|Any CPU = Release|Any CPU
	EndGlobalSection
	GlobalSection(ProjectConfigurationPlatforms) = postSolution
		{80E1FF2A-A37B-460F-A3B4-98112217C883}.Debug|Any CPU.ActiveCfg = Debug|Any CPU
		{80E1FF2A-A37B-460F-A3B4-98112217C883}.Debug|Any CPU.Build.0 = Debug|Any CPU
		{80E1FF2A-A37B-460F-A3B4-98112217C883}.Release|Any CPU.ActiveCfg = Release|Any CPU
		{80E1FF2A-A37B-460F-A3B4-98112217C883}.Release|Any CPU.Build.0 = Release|Any CPU
		{FA682555-B7AE-4027-A794-A2B865EB4FD2}.Debug|Any CPU.ActiveCfg = Debug|Any CPU
		{FA682555-B7AE-4027-A794-A2B865EB4FD2}.Debug|Any CPU.Build.0 = Debug|Any CPU
		{FA682555-B7AE-4027-A794-A2B865EB4FD2}.Release|Any CPU.ActiveCfg = Release|Any CPU
		{FA682555-B7AE-4027-A794-A2B865EB4FD2}.Release|Any CPU.Build.0 = Release|Any CPU
		{9363EB91-F90B-4FEE-9EF9-667C60B7813A}.Debug|Any CPU.ActiveCfg = Debug|Any CPU
		{9363EB91-F90B-4FEE-9EF9-667C60B7813A}.Debug|Any CPU.Build.0 = Debug|Any CPU
		{9363EB91-F90B-4FEE-9EF9-667C60B7813A}.Release|Any CPU.ActiveCfg = Release|Any CPU
		{9363EB91-F90B-4FEE-9EF9-667C60B7813A}.Release|Any CPU.Build.0 = Release|Any CPU
		{1DA579B9-5019-47C8-9BBB-F3203AB0A179}.Debug|Any CPU.ActiveCfg = Debug|Any CPU
		{1DA579B9-5019-47C8-9BBB-F3203AB0A179}.Debug|Any CPU.Build.0 = Debug|Any CPU
		{1DA579B9-5019-47C8-9BBB-F3203AB0A179}.Release|Any CPU.ActiveCfg = Release|Any CPU
		{1DA579B9-5019-47C8-9BBB-F3203AB0A179}.Release|Any CPU.Build.0 = Release|Any CPU
		{5C6FD648-93E5-4DF0-BB04-7221F590DD00}.Debug|Any CPU.ActiveCfg = Debug|Any CPU
		{5C6FD648-93E5-4DF0-BB04-7221F590DD00}.Debug|Any CPU.Build.0 = Debug|Any CPU
		{5C6FD648-93E5-4DF0-BB04-7221F590DD00}.Release|Any CPU.ActiveCfg = Release|Any CPU
		{5C6FD648-93E5-4DF0-BB04-7221F590DD00}.Release|Any CPU.Build.0 = Release|Any CPU
		{8DF190AB-96BE-44B0-B42C-7007889863CC}.Debug|Any CPU.ActiveCfg = Debug|Any CPU
		{8DF190AB-96BE-44B0-B42C-7007889863CC}.Debug|Any CPU.Build.0 = Debug|Any CPU
		{8DF190AB-96BE-44B0-B42C-7007889863CC}.Release|Any CPU.ActiveCfg = Release|Any CPU
		{8DF190AB-96BE-44B0-B42C-7007889863CC}.Release|Any CPU.Build.0 = Release|Any CPU
		{6FD57C5F-2DB5-420E-BC71-D0F9547797E2}.Debug|Any CPU.ActiveCfg = Debug|Any CPU
		{6FD57C5F-2DB5-420E-BC71-D0F9547797E2}.Debug|Any CPU.Build.0 = Debug|Any CPU
		{6FD57C5F-2DB5-420E-BC71-D0F9547797E2}.Release|Any CPU.ActiveCfg = Release|Any CPU
		{6FD57C5F-2DB5-420E-BC71-D0F9547797E2}.Release|Any CPU.Build.0 = Release|Any CPU
		{3EE0E0A5-AD83-4D97-BAB7-88ABD3877D77}.Debug|Any CPU.ActiveCfg = Debug|Any CPU
		{3EE0E0A5-AD83-4D97-BAB7-88ABD3877D77}.Debug|Any CPU.Build.0 = Debug|Any CPU
		{3EE0E0A5-AD83-4D97-BAB7-88ABD3877D77}.Debug|Any CPU.Deploy.0 = Debug|Any CPU
		{3EE0E0A5-AD83-4D97-BAB7-88ABD3877D77}.Release|Any CPU.ActiveCfg = Release|Any CPU
		{3EE0E0A5-AD83-4D97-BAB7-88ABD3877D77}.Release|Any CPU.Build.0 = Release|Any CPU
		{C5FD7816-FF36-4BB9-A123-FA2A9892D944}.Debug|Any CPU.ActiveCfg = Debug|Any CPU
		{C5FD7816-FF36-4BB9-A123-FA2A9892D944}.Debug|Any CPU.Build.0 = Debug|Any CPU
		{C5FD7816-FF36-4BB9-A123-FA2A9892D944}.Release|Any CPU.ActiveCfg = Release|Any CPU
		{C5FD7816-FF36-4BB9-A123-FA2A9892D944}.Release|Any CPU.Build.0 = Release|Any CPU
		{CE05FF78-7F0A-45FA-A749-CEA23B821BB7}.Debug|Any CPU.ActiveCfg = Debug|Any CPU
		{CE05FF78-7F0A-45FA-A749-CEA23B821BB7}.Debug|Any CPU.Build.0 = Debug|Any CPU
		{CE05FF78-7F0A-45FA-A749-CEA23B821BB7}.Release|Any CPU.ActiveCfg = Release|Any CPU
		{CE05FF78-7F0A-45FA-A749-CEA23B821BB7}.Release|Any CPU.Build.0 = Release|Any CPU
		{53A97857-AD8F-4A1D-8231-F23B8AD6149D}.Debug|Any CPU.ActiveCfg = Debug|Any CPU
		{53A97857-AD8F-4A1D-8231-F23B8AD6149D}.Debug|Any CPU.Build.0 = Debug|Any CPU
		{53A97857-AD8F-4A1D-8231-F23B8AD6149D}.Release|Any CPU.ActiveCfg = Release|Any CPU
		{53A97857-AD8F-4A1D-8231-F23B8AD6149D}.Release|Any CPU.Build.0 = Release|Any CPU
		{1A5BA967-F0D5-4640-95B1-DA44F35284CB}.Debug|Any CPU.ActiveCfg = Debug|Any CPU
		{1A5BA967-F0D5-4640-95B1-DA44F35284CB}.Debug|Any CPU.Build.0 = Debug|Any CPU
		{1A5BA967-F0D5-4640-95B1-DA44F35284CB}.Release|Any CPU.ActiveCfg = Release|Any CPU
		{1A5BA967-F0D5-4640-95B1-DA44F35284CB}.Release|Any CPU.Build.0 = Release|Any CPU
		{3DE96A80-A043-4EDB-905A-787471C82E63}.Debug|Any CPU.ActiveCfg = Debug|Any CPU
		{3DE96A80-A043-4EDB-905A-787471C82E63}.Debug|Any CPU.Build.0 = Debug|Any CPU
		{3DE96A80-A043-4EDB-905A-787471C82E63}.Release|Any CPU.ActiveCfg = Release|Any CPU
		{3DE96A80-A043-4EDB-905A-787471C82E63}.Release|Any CPU.Build.0 = Release|Any CPU
		{BF4AD230-4096-41BD-A4CF-F19C237277FB}.Debug|Any CPU.ActiveCfg = Debug|Any CPU
		{BF4AD230-4096-41BD-A4CF-F19C237277FB}.Debug|Any CPU.Build.0 = Debug|Any CPU
		{BF4AD230-4096-41BD-A4CF-F19C237277FB}.Release|Any CPU.ActiveCfg = Release|Any CPU
		{BF4AD230-4096-41BD-A4CF-F19C237277FB}.Release|Any CPU.Build.0 = Release|Any CPU
		{127C6E7E-9F3A-4314-981C-B04C77E9BAA3}.Debug|Any CPU.ActiveCfg = Debug|Any CPU
		{127C6E7E-9F3A-4314-981C-B04C77E9BAA3}.Debug|Any CPU.Build.0 = Debug|Any CPU
		{127C6E7E-9F3A-4314-981C-B04C77E9BAA3}.Release|Any CPU.ActiveCfg = Release|Any CPU
		{127C6E7E-9F3A-4314-981C-B04C77E9BAA3}.Release|Any CPU.Build.0 = Release|Any CPU
		{CB37668E-84BE-40B8-9CB9-A94C48C5BA65}.Debug|Any CPU.ActiveCfg = Debug|Any CPU
		{CB37668E-84BE-40B8-9CB9-A94C48C5BA65}.Debug|Any CPU.Build.0 = Debug|Any CPU
		{CB37668E-84BE-40B8-9CB9-A94C48C5BA65}.Release|Any CPU.ActiveCfg = Release|Any CPU
		{CB37668E-84BE-40B8-9CB9-A94C48C5BA65}.Release|Any CPU.Build.0 = Release|Any CPU
		{315DE6BF-EA9D-4B82-B487-AE8A8F2CFB64}.Debug|Any CPU.ActiveCfg = Debug|Any CPU
		{315DE6BF-EA9D-4B82-B487-AE8A8F2CFB64}.Debug|Any CPU.Build.0 = Debug|Any CPU
		{315DE6BF-EA9D-4B82-B487-AE8A8F2CFB64}.Release|Any CPU.ActiveCfg = Release|Any CPU
		{315DE6BF-EA9D-4B82-B487-AE8A8F2CFB64}.Release|Any CPU.Build.0 = Release|Any CPU
		{F987BA5F-3B58-4316-9232-0253C47743E2}.Debug|Any CPU.ActiveCfg = Debug|Any CPU
		{F987BA5F-3B58-4316-9232-0253C47743E2}.Debug|Any CPU.Build.0 = Debug|Any CPU
		{F987BA5F-3B58-4316-9232-0253C47743E2}.Release|Any CPU.ActiveCfg = Release|Any CPU
		{F987BA5F-3B58-4316-9232-0253C47743E2}.Release|Any CPU.Build.0 = Release|Any CPU
		{9E000495-459F-4E1F-B6E4-6431092C3823}.Debug|Any CPU.ActiveCfg = Debug|Any CPU
		{9E000495-459F-4E1F-B6E4-6431092C3823}.Debug|Any CPU.Build.0 = Debug|Any CPU
		{9E000495-459F-4E1F-B6E4-6431092C3823}.Release|Any CPU.ActiveCfg = Release|Any CPU
		{9E000495-459F-4E1F-B6E4-6431092C3823}.Release|Any CPU.Build.0 = Release|Any CPU
		{F9F1F6D5-1DA0-459A-851C-325A4D4426F2}.Debug|Any CPU.ActiveCfg = Debug|Any CPU
		{F9F1F6D5-1DA0-459A-851C-325A4D4426F2}.Debug|Any CPU.Build.0 = Debug|Any CPU
		{F9F1F6D5-1DA0-459A-851C-325A4D4426F2}.Release|Any CPU.ActiveCfg = Release|Any CPU
		{F9F1F6D5-1DA0-459A-851C-325A4D4426F2}.Release|Any CPU.Build.0 = Release|Any CPU
		{CFA23309-E788-4AD3-957D-7F1E88BFA461}.Debug|Any CPU.ActiveCfg = Debug|Any CPU
		{CFA23309-E788-4AD3-957D-7F1E88BFA461}.Debug|Any CPU.Build.0 = Debug|Any CPU
		{CFA23309-E788-4AD3-957D-7F1E88BFA461}.Release|Any CPU.ActiveCfg = Release|Any CPU
		{CFA23309-E788-4AD3-957D-7F1E88BFA461}.Release|Any CPU.Build.0 = Release|Any CPU
		{92DB36E3-273B-412E-80F4-21489FDB6276}.Debug|Any CPU.ActiveCfg = Debug|Any CPU
		{92DB36E3-273B-412E-80F4-21489FDB6276}.Debug|Any CPU.Build.0 = Debug|Any CPU
		{92DB36E3-273B-412E-80F4-21489FDB6276}.Release|Any CPU.ActiveCfg = Release|Any CPU
		{92DB36E3-273B-412E-80F4-21489FDB6276}.Release|Any CPU.Build.0 = Release|Any CPU
		{E6F23839-21C4-4CA6-91E4-F66EDAC0262C}.Debug|Any CPU.ActiveCfg = Debug|Any CPU
		{E6F23839-21C4-4CA6-91E4-F66EDAC0262C}.Debug|Any CPU.Build.0 = Debug|Any CPU
		{E6F23839-21C4-4CA6-91E4-F66EDAC0262C}.Release|Any CPU.ActiveCfg = Release|Any CPU
		{E6F23839-21C4-4CA6-91E4-F66EDAC0262C}.Release|Any CPU.Build.0 = Release|Any CPU
		{6E991EC7-D79E-4CD1-B39F-4DE8E062569A}.Debug|Any CPU.ActiveCfg = Debug|Any CPU
		{6E991EC7-D79E-4CD1-B39F-4DE8E062569A}.Debug|Any CPU.Build.0 = Debug|Any CPU
		{6E991EC7-D79E-4CD1-B39F-4DE8E062569A}.Release|Any CPU.ActiveCfg = Release|Any CPU
		{6E991EC7-D79E-4CD1-B39F-4DE8E062569A}.Release|Any CPU.Build.0 = Release|Any CPU
		{5DDE07B5-38AC-413E-8D36-0DEB7FB2DBF2}.Debug|Any CPU.ActiveCfg = Debug|Any CPU
		{5DDE07B5-38AC-413E-8D36-0DEB7FB2DBF2}.Debug|Any CPU.Build.0 = Debug|Any CPU
		{5DDE07B5-38AC-413E-8D36-0DEB7FB2DBF2}.Release|Any CPU.ActiveCfg = Release|Any CPU
		{5DDE07B5-38AC-413E-8D36-0DEB7FB2DBF2}.Release|Any CPU.Build.0 = Release|Any CPU
		{2E08B1F8-B0B8-4FB3-A165-9D774361F7C3}.Debug|Any CPU.ActiveCfg = Debug|Any CPU
		{2E08B1F8-B0B8-4FB3-A165-9D774361F7C3}.Debug|Any CPU.Build.0 = Debug|Any CPU
		{2E08B1F8-B0B8-4FB3-A165-9D774361F7C3}.Release|Any CPU.ActiveCfg = Release|Any CPU
		{2E08B1F8-B0B8-4FB3-A165-9D774361F7C3}.Release|Any CPU.Build.0 = Release|Any CPU
		{7DB372D5-0673-4852-B9C1-8F31EF57493F}.Debug|Any CPU.ActiveCfg = Debug|Any CPU
		{7DB372D5-0673-4852-B9C1-8F31EF57493F}.Debug|Any CPU.Build.0 = Debug|Any CPU
		{7DB372D5-0673-4852-B9C1-8F31EF57493F}.Release|Any CPU.ActiveCfg = Release|Any CPU
		{7DB372D5-0673-4852-B9C1-8F31EF57493F}.Release|Any CPU.Build.0 = Release|Any CPU
		{7989699F-7924-4230-AD0F-675E57C633B8}.Debug|Any CPU.ActiveCfg = Debug|Any CPU
		{7989699F-7924-4230-AD0F-675E57C633B8}.Debug|Any CPU.Build.0 = Debug|Any CPU
		{7989699F-7924-4230-AD0F-675E57C633B8}.Release|Any CPU.ActiveCfg = Release|Any CPU
		{7989699F-7924-4230-AD0F-675E57C633B8}.Release|Any CPU.Build.0 = Release|Any CPU
	EndGlobalSection
	GlobalSection(SolutionProperties) = preSolution
		HideSolutionNode = FALSE
	EndGlobalSection
	GlobalSection(NestedProjects) = preSolution
		{80E1FF2A-A37B-460F-A3B4-98112217C883} = {F6BC1FBE-D2EC-42E4-B760-1D919EA0A3A3}
		{FA682555-B7AE-4027-A794-A2B865EB4FD2} = {9C8A720D-7382-4C91-9B62-86EB554B2C29}
		{9363EB91-F90B-4FEE-9EF9-667C60B7813A} = {9C8A720D-7382-4C91-9B62-86EB554B2C29}
		{1DA579B9-5019-47C8-9BBB-F3203AB0A179} = {9C8A720D-7382-4C91-9B62-86EB554B2C29}
		{5C6FD648-93E5-4DF0-BB04-7221F590DD00} = {9C8A720D-7382-4C91-9B62-86EB554B2C29}
		{8DF190AB-96BE-44B0-B42C-7007889863CC} = {9C8A720D-7382-4C91-9B62-86EB554B2C29}
		{6FD57C5F-2DB5-420E-BC71-D0F9547797E2} = {FE5803DF-2805-4190-AE4C-82E778BC2106}
		{3EE0E0A5-AD83-4D97-BAB7-88ABD3877D77} = {32FF1B46-A25D-406E-9F71-1FD25A3F52E8}
		{C5FD7816-FF36-4BB9-A123-FA2A9892D944} = {9C8A720D-7382-4C91-9B62-86EB554B2C29}
		{CE05FF78-7F0A-45FA-A749-CEA23B821BB7} = {32FF1B46-A25D-406E-9F71-1FD25A3F52E8}
		{53A97857-AD8F-4A1D-8231-F23B8AD6149D} = {FE5803DF-2805-4190-AE4C-82E778BC2106}
		{1A5BA967-F0D5-4640-95B1-DA44F35284CB} = {32FF1B46-A25D-406E-9F71-1FD25A3F52E8}
		{3DE96A80-A043-4EDB-905A-787471C82E63} = {FE5803DF-2805-4190-AE4C-82E778BC2106}
		{BF4AD230-4096-41BD-A4CF-F19C237277FB} = {32FF1B46-A25D-406E-9F71-1FD25A3F52E8}
		{127C6E7E-9F3A-4314-981C-B04C77E9BAA3} = {FE5803DF-2805-4190-AE4C-82E778BC2106}
		{CB37668E-84BE-40B8-9CB9-A94C48C5BA65} = {32FF1B46-A25D-406E-9F71-1FD25A3F52E8}
		{315DE6BF-EA9D-4B82-B487-AE8A8F2CFB64} = {FE5803DF-2805-4190-AE4C-82E778BC2106}
		{F987BA5F-3B58-4316-9232-0253C47743E2} = {32FF1B46-A25D-406E-9F71-1FD25A3F52E8}
		{9E000495-459F-4E1F-B6E4-6431092C3823} = {FE5803DF-2805-4190-AE4C-82E778BC2106}
		{F9F1F6D5-1DA0-459A-851C-325A4D4426F2} = {32FF1B46-A25D-406E-9F71-1FD25A3F52E8}
		{CFA23309-E788-4AD3-957D-7F1E88BFA461} = {FE5803DF-2805-4190-AE4C-82E778BC2106}
		{92DB36E3-273B-412E-80F4-21489FDB6276} = {32FF1B46-A25D-406E-9F71-1FD25A3F52E8}
		{E6F23839-21C4-4CA6-91E4-F66EDAC0262C} = {FE5803DF-2805-4190-AE4C-82E778BC2106}
		{6E991EC7-D79E-4CD1-B39F-4DE8E062569A} = {FE5803DF-2805-4190-AE4C-82E778BC2106}
		{5DDE07B5-38AC-413E-8D36-0DEB7FB2DBF2} = {FE5803DF-2805-4190-AE4C-82E778BC2106}
		{2E08B1F8-B0B8-4FB3-A165-9D774361F7C3} = {FE5803DF-2805-4190-AE4C-82E778BC2106}
		{7DB372D5-0673-4852-B9C1-8F31EF57493F} = {32FF1B46-A25D-406E-9F71-1FD25A3F52E8}
		{7989699F-7924-4230-AD0F-675E57C633B8} = {32FF1B46-A25D-406E-9F71-1FD25A3F52E8}
	EndGlobalSection
EndGlobal
